// !$*UTF8*$!
{
	archiveVersion = 1;
	classes = {
	};
	objectVersion = 50;
	objects = {

/* Begin PBXBuildFile section */
		C7820C5A237DDA630087ADDE /* AppDelegate.swift in Sources */ = {isa = PBXBuildFile; fileRef = C7820C59237DDA630087ADDE /* AppDelegate.swift */; };
		C7820C5C237DDA630087ADDE /* SceneDelegate.swift in Sources */ = {isa = PBXBuildFile; fileRef = C7820C5B237DDA630087ADDE /* SceneDelegate.swift */; };
		C7820C5F237DDA630087ADDE /* WeirdRockPaperScissors.xcdatamodeld in Sources */ = {isa = PBXBuildFile; fileRef = C7820C5D237DDA630087ADDE /* WeirdRockPaperScissors.xcdatamodeld */; };
		C7820C61237DDA630087ADDE /* ContentView.swift in Sources */ = {isa = PBXBuildFile; fileRef = C7820C60237DDA630087ADDE /* ContentView.swift */; };
		C7820C63237DDA640087ADDE /* Assets.xcassets in Resources */ = {isa = PBXBuildFile; fileRef = C7820C62237DDA640087ADDE /* Assets.xcassets */; };
		C7820C66237DDA640087ADDE /* Preview Assets.xcassets in Resources */ = {isa = PBXBuildFile; fileRef = C7820C65237DDA640087ADDE /* Preview Assets.xcassets */; };
		C7820C69237DDA640087ADDE /* LaunchScreen.storyboard in Resources */ = {isa = PBXBuildFile; fileRef = C7820C67237DDA640087ADDE /* LaunchScreen.storyboard */; };
		C7820C74237DDA640087ADDE /* WeirdRockPaperScissorsTests.swift in Sources */ = {isa = PBXBuildFile; fileRef = C7820C73237DDA640087ADDE /* WeirdRockPaperScissorsTests.swift */; };
		C7820C7F237DDA640087ADDE /* WeirdRockPaperScissorsUITests.swift in Sources */ = {isa = PBXBuildFile; fileRef = C7820C7E237DDA640087ADDE /* WeirdRockPaperScissorsUITests.swift */; };
/* End PBXBuildFile section */

/* Begin PBXContainerItemProxy section */
		C7820C70237DDA640087ADDE /* PBXContainerItemProxy */ = {
			isa = PBXContainerItemProxy;
			containerPortal = C7820C4E237DDA630087ADDE /* Project object */;
			proxyType = 1;
			remoteGlobalIDString = C7820C55237DDA630087ADDE;
			remoteInfo = WeirdRockPaperScissors;
		};
		C7820C7B237DDA640087ADDE /* PBXContainerItemProxy */ = {
			isa = PBXContainerItemProxy;
			containerPortal = C7820C4E237DDA630087ADDE /* Project object */;
			proxyType = 1;
			remoteGlobalIDString = C7820C55237DDA630087ADDE;
			remoteInfo = WeirdRockPaperScissors;
		};
/* End PBXContainerItemProxy section */

/* Begin PBXFileReference section */
		C7820C56237DDA630087ADDE /* WeirdRockPaperScissors.app */ = {isa = PBXFileReference; explicitFileType = wrapper.application; includeInIndex = 0; path = WeirdRockPaperScissors.app; sourceTree = BUILT_PRODUCTS_DIR; };
		C7820C59237DDA630087ADDE /* AppDelegate.swift */ = {isa = PBXFileReference; lastKnownFileType = sourcecode.swift; path = AppDelegate.swift; sourceTree = "<group>"; };
		C7820C5B237DDA630087ADDE /* SceneDelegate.swift */ = {isa = PBXFileReference; lastKnownFileType = sourcecode.swift; path = SceneDelegate.swift; sourceTree = "<group>"; };
		C7820C5E237DDA630087ADDE /* WeirdRockPaperScissors.xcdatamodel */ = {isa = PBXFileReference; lastKnownFileType = wrapper.xcdatamodel; path = WeirdRockPaperScissors.xcdatamodel; sourceTree = "<group>"; };
		C7820C60237DDA630087ADDE /* ContentView.swift */ = {isa = PBXFileReference; lastKnownFileType = sourcecode.swift; path = ContentView.swift; sourceTree = "<group>"; };
		C7820C62237DDA640087ADDE /* Assets.xcassets */ = {isa = PBXFileReference; lastKnownFileType = folder.assetcatalog; path = Assets.xcassets; sourceTree = "<group>"; };
		C7820C65237DDA640087ADDE /* Preview Assets.xcassets */ = {isa = PBXFileReference; lastKnownFileType = folder.assetcatalog; path = "Preview Assets.xcassets"; sourceTree = "<group>"; };
		C7820C68237DDA640087ADDE /* Base */ = {isa = PBXFileReference; lastKnownFileType = file.storyboard; name = Base; path = Base.lproj/LaunchScreen.storyboard; sourceTree = "<group>"; };
		C7820C6A237DDA640087ADDE /* Info.plist */ = {isa = PBXFileReference; lastKnownFileType = text.plist.xml; path = Info.plist; sourceTree = "<group>"; };
		C7820C6F237DDA640087ADDE /* WeirdRockPaperScissorsTests.xctest */ = {isa = PBXFileReference; explicitFileType = wrapper.cfbundle; includeInIndex = 0; path = WeirdRockPaperScissorsTests.xctest; sourceTree = BUILT_PRODUCTS_DIR; };
		C7820C73237DDA640087ADDE /* WeirdRockPaperScissorsTests.swift */ = {isa = PBXFileReference; lastKnownFileType = sourcecode.swift; path = WeirdRockPaperScissorsTests.swift; sourceTree = "<group>"; };
		C7820C75237DDA640087ADDE /* Info.plist */ = {isa = PBXFileReference; lastKnownFileType = text.plist.xml; path = Info.plist; sourceTree = "<group>"; };
		C7820C7A237DDA640087ADDE /* WeirdRockPaperScissorsUITests.xctest */ = {isa = PBXFileReference; explicitFileType = wrapper.cfbundle; includeInIndex = 0; path = WeirdRockPaperScissorsUITests.xctest; sourceTree = BUILT_PRODUCTS_DIR; };
		C7820C7E237DDA640087ADDE /* WeirdRockPaperScissorsUITests.swift */ = {isa = PBXFileReference; lastKnownFileType = sourcecode.swift; path = WeirdRockPaperScissorsUITests.swift; sourceTree = "<group>"; };
		C7820C80237DDA640087ADDE /* Info.plist */ = {isa = PBXFileReference; lastKnownFileType = text.plist.xml; path = Info.plist; sourceTree = "<group>"; };
/* End PBXFileReference section */

/* Begin PBXFrameworksBuildPhase section */
		C7820C53237DDA630087ADDE /* Frameworks */ = {
			isa = PBXFrameworksBuildPhase;
			buildActionMask = 2147483647;
			files = (
			);
			runOnlyForDeploymentPostprocessing = 0;
		};
		C7820C6C237DDA640087ADDE /* Frameworks */ = {
			isa = PBXFrameworksBuildPhase;
			buildActionMask = 2147483647;
			files = (
			);
			runOnlyForDeploymentPostprocessing = 0;
		};
		C7820C77237DDA640087ADDE /* Frameworks */ = {
			isa = PBXFrameworksBuildPhase;
			buildActionMask = 2147483647;
			files = (
			);
			runOnlyForDeploymentPostprocessing = 0;
		};
/* End PBXFrameworksBuildPhase section */

/* Begin PBXGroup section */
		C7820C4D237DDA630087ADDE = {
			isa = PBXGroup;
			children = (
				C7820C58237DDA630087ADDE /* WeirdRockPaperScissors */,
				C7820C72237DDA640087ADDE /* WeirdRockPaperScissorsTests */,
				C7820C7D237DDA640087ADDE /* WeirdRockPaperScissorsUITests */,
				C7820C57237DDA630087ADDE /* Products */,
			);
			sourceTree = "<group>";
		};
		C7820C57237DDA630087ADDE /* Products */ = {
			isa = PBXGroup;
			children = (
				C7820C56237DDA630087ADDE /* WeirdRockPaperScissors.app */,
				C7820C6F237DDA640087ADDE /* WeirdRockPaperScissorsTests.xctest */,
				C7820C7A237DDA640087ADDE /* WeirdRockPaperScissorsUITests.xctest */,
			);
			name = Products;
			sourceTree = "<group>";
		};
		C7820C58237DDA630087ADDE /* WeirdRockPaperScissors */ = {
			isa = PBXGroup;
			children = (
				C7820C59237DDA630087ADDE /* AppDelegate.swift */,
				C7820C5B237DDA630087ADDE /* SceneDelegate.swift */,
				C7820C60237DDA630087ADDE /* ContentView.swift */,
				C7820C62237DDA640087ADDE /* Assets.xcassets */,
				C7820C67237DDA640087ADDE /* LaunchScreen.storyboard */,
				C7820C6A237DDA640087ADDE /* Info.plist */,
				C7820C5D237DDA630087ADDE /* WeirdRockPaperScissors.xcdatamodeld */,
				C7820C64237DDA640087ADDE /* Preview Content */,
			);
			path = WeirdRockPaperScissors;
			sourceTree = "<group>";
		};
		C7820C64237DDA640087ADDE /* Preview Content */ = {
			isa = PBXGroup;
			children = (
				C7820C65237DDA640087ADDE /* Preview Assets.xcassets */,
			);
			path = "Preview Content";
			sourceTree = "<group>";
		};
		C7820C72237DDA640087ADDE /* WeirdRockPaperScissorsTests */ = {
			isa = PBXGroup;
			children = (
				C7820C73237DDA640087ADDE /* WeirdRockPaperScissorsTests.swift */,
				C7820C75237DDA640087ADDE /* Info.plist */,
			);
			path = WeirdRockPaperScissorsTests;
			sourceTree = "<group>";
		};
		C7820C7D237DDA640087ADDE /* WeirdRockPaperScissorsUITests */ = {
			isa = PBXGroup;
			children = (
				C7820C7E237DDA640087ADDE /* WeirdRockPaperScissorsUITests.swift */,
				C7820C80237DDA640087ADDE /* Info.plist */,
			);
			path = WeirdRockPaperScissorsUITests;
			sourceTree = "<group>";
		};
/* End PBXGroup section */

/* Begin PBXNativeTarget section */
		C7820C55237DDA630087ADDE /* WeirdRockPaperScissors */ = {
			isa = PBXNativeTarget;
			buildConfigurationList = C7820C83237DDA640087ADDE /* Build configuration list for PBXNativeTarget "WeirdRockPaperScissors" */;
			buildPhases = (
				C7820C52237DDA630087ADDE /* Sources */,
				C7820C53237DDA630087ADDE /* Frameworks */,
				C7820C54237DDA630087ADDE /* Resources */,
			);
			buildRules = (
			);
			dependencies = (
			);
			name = WeirdRockPaperScissors;
			productName = WeirdRockPaperScissors;
			productReference = C7820C56237DDA630087ADDE /* WeirdRockPaperScissors.app */;
			productType = "com.apple.product-type.application";
		};
		C7820C6E237DDA640087ADDE /* WeirdRockPaperScissorsTests */ = {
			isa = PBXNativeTarget;
			buildConfigurationList = C7820C86237DDA640087ADDE /* Build configuration list for PBXNativeTarget "WeirdRockPaperScissorsTests" */;
			buildPhases = (
				C7820C6B237DDA640087ADDE /* Sources */,
				C7820C6C237DDA640087ADDE /* Frameworks */,
				C7820C6D237DDA640087ADDE /* Resources */,
			);
			buildRules = (
			);
			dependencies = (
				C7820C71237DDA640087ADDE /* PBXTargetDependency */,
			);
			name = WeirdRockPaperScissorsTests;
			productName = WeirdRockPaperScissorsTests;
			productReference = C7820C6F237DDA640087ADDE /* WeirdRockPaperScissorsTests.xctest */;
			productType = "com.apple.product-type.bundle.unit-test";
		};
		C7820C79237DDA640087ADDE /* WeirdRockPaperScissorsUITests */ = {
			isa = PBXNativeTarget;
			buildConfigurationList = C7820C89237DDA640087ADDE /* Build configuration list for PBXNativeTarget "WeirdRockPaperScissorsUITests" */;
			buildPhases = (
				C7820C76237DDA640087ADDE /* Sources */,
				C7820C77237DDA640087ADDE /* Frameworks */,
				C7820C78237DDA640087ADDE /* Resources */,
			);
			buildRules = (
			);
			dependencies = (
				C7820C7C237DDA640087ADDE /* PBXTargetDependency */,
			);
			name = WeirdRockPaperScissorsUITests;
			productName = WeirdRockPaperScissorsUITests;
			productReference = C7820C7A237DDA640087ADDE /* WeirdRockPaperScissorsUITests.xctest */;
			productType = "com.apple.product-type.bundle.ui-testing";
		};
/* End PBXNativeTarget section */

/* Begin PBXProject section */
		C7820C4E237DDA630087ADDE /* Project object */ = {
			isa = PBXProject;
			attributes = {
				LastSwiftUpdateCheck = 1110;
				LastUpgradeCheck = 1110;
				ORGANIZATIONNAME = "Yihwan Kim";
				TargetAttributes = {
					C7820C55237DDA630087ADDE = {
						CreatedOnToolsVersion = 11.1;
					};
					C7820C6E237DDA640087ADDE = {
						CreatedOnToolsVersion = 11.1;
						TestTargetID = C7820C55237DDA630087ADDE;
					};
					C7820C79237DDA640087ADDE = {
						CreatedOnToolsVersion = 11.1;
						TestTargetID = C7820C55237DDA630087ADDE;
					};
				};
			};
			buildConfigurationList = C7820C51237DDA630087ADDE /* Build configuration list for PBXProject "WeirdRockPaperScissors" */;
			compatibilityVersion = "Xcode 9.3";
			developmentRegion = en;
			hasScannedForEncodings = 0;
			knownRegions = (
				en,
				Base,
			);
			mainGroup = C7820C4D237DDA630087ADDE;
			productRefGroup = C7820C57237DDA630087ADDE /* Products */;
			projectDirPath = "";
			projectRoot = "";
			targets = (
				C7820C55237DDA630087ADDE /* WeirdRockPaperScissors */,
				C7820C6E237DDA640087ADDE /* WeirdRockPaperScissorsTests */,
				C7820C79237DDA640087ADDE /* WeirdRockPaperScissorsUITests */,
			);
		};
/* End PBXProject section */

/* Begin PBXResourcesBuildPhase section */
		C7820C54237DDA630087ADDE /* Resources */ = {
			isa = PBXResourcesBuildPhase;
			buildActionMask = 2147483647;
			files = (
				C7820C69237DDA640087ADDE /* LaunchScreen.storyboard in Resources */,
				C7820C66237DDA640087ADDE /* Preview Assets.xcassets in Resources */,
				C7820C63237DDA640087ADDE /* Assets.xcassets in Resources */,
			);
			runOnlyForDeploymentPostprocessing = 0;
		};
		C7820C6D237DDA640087ADDE /* Resources */ = {
			isa = PBXResourcesBuildPhase;
			buildActionMask = 2147483647;
			files = (
			);
			runOnlyForDeploymentPostprocessing = 0;
		};
		C7820C78237DDA640087ADDE /* Resources */ = {
			isa = PBXResourcesBuildPhase;
			buildActionMask = 2147483647;
			files = (
			);
			runOnlyForDeploymentPostprocessing = 0;
		};
/* End PBXResourcesBuildPhase section */

/* Begin PBXSourcesBuildPhase section */
		C7820C52237DDA630087ADDE /* Sources */ = {
			isa = PBXSourcesBuildPhase;
			buildActionMask = 2147483647;
			files = (
				C7820C5F237DDA630087ADDE /* WeirdRockPaperScissors.xcdatamodeld in Sources */,
				C7820C5A237DDA630087ADDE /* AppDelegate.swift in Sources */,
				C7820C61237DDA630087ADDE /* ContentView.swift in Sources */,
				C7820C5C237DDA630087ADDE /* SceneDelegate.swift in Sources */,
			);
			runOnlyForDeploymentPostprocessing = 0;
		};
		C7820C6B237DDA640087ADDE /* Sources */ = {
			isa = PBXSourcesBuildPhase;
			buildActionMask = 2147483647;
			files = (
				C7820C74237DDA640087ADDE /* WeirdRockPaperScissorsTests.swift in Sources */,
			);
			runOnlyForDeploymentPostprocessing = 0;
		};
		C7820C76237DDA640087ADDE /* Sources */ = {
			isa = PBXSourcesBuildPhase;
			buildActionMask = 2147483647;
			files = (
				C7820C7F237DDA640087ADDE /* WeirdRockPaperScissorsUITests.swift in Sources */,
			);
			runOnlyForDeploymentPostprocessing = 0;
		};
/* End PBXSourcesBuildPhase section */

/* Begin PBXTargetDependency section */
		C7820C71237DDA640087ADDE /* PBXTargetDependency */ = {
			isa = PBXTargetDependency;
			target = C7820C55237DDA630087ADDE /* WeirdRockPaperScissors */;
			targetProxy = C7820C70237DDA640087ADDE /* PBXContainerItemProxy */;
		};
		C7820C7C237DDA640087ADDE /* PBXTargetDependency */ = {
			isa = PBXTargetDependency;
			target = C7820C55237DDA630087ADDE /* WeirdRockPaperScissors */;
			targetProxy = C7820C7B237DDA640087ADDE /* PBXContainerItemProxy */;
		};
/* End PBXTargetDependency section */

/* Begin PBXVariantGroup section */
		C7820C67237DDA640087ADDE /* LaunchScreen.storyboard */ = {
			isa = PBXVariantGroup;
			children = (
				C7820C68237DDA640087ADDE /* Base */,
			);
			name = LaunchScreen.storyboard;
			sourceTree = "<group>";
		};
/* End PBXVariantGroup section */

/* Begin XCBuildConfiguration section */
		C7820C81237DDA640087ADDE /* Debug */ = {
			isa = XCBuildConfiguration;
			buildSettings = {
				ALWAYS_SEARCH_USER_PATHS = NO;
				CLANG_ANALYZER_NONNULL = YES;
				CLANG_ANALYZER_NUMBER_OBJECT_CONVERSION = YES_AGGRESSIVE;
				CLANG_CXX_LANGUAGE_STANDARD = "gnu++14";
				CLANG_CXX_LIBRARY = "libc++";
				CLANG_ENABLE_MODULES = YES;
				CLANG_ENABLE_OBJC_ARC = YES;
				CLANG_ENABLE_OBJC_WEAK = YES;
				CLANG_WARN_BLOCK_CAPTURE_AUTORELEASING = YES;
				CLANG_WARN_BOOL_CONVERSION = YES;
				CLANG_WARN_COMMA = YES;
				CLANG_WARN_CONSTANT_CONVERSION = YES;
				CLANG_WARN_DEPRECATED_OBJC_IMPLEMENTATIONS = YES;
				CLANG_WARN_DIRECT_OBJC_ISA_USAGE = YES_ERROR;
				CLANG_WARN_DOCUMENTATION_COMMENTS = YES;
				CLANG_WARN_EMPTY_BODY = YES;
				CLANG_WARN_ENUM_CONVERSION = YES;
				CLANG_WARN_INFINITE_RECURSION = YES;
				CLANG_WARN_INT_CONVERSION = YES;
				CLANG_WARN_NON_LITERAL_NULL_CONVERSION = YES;
				CLANG_WARN_OBJC_IMPLICIT_RETAIN_SELF = YES;
				CLANG_WARN_OBJC_LITERAL_CONVERSION = YES;
				CLANG_WARN_OBJC_ROOT_CLASS = YES_ERROR;
				CLANG_WARN_RANGE_LOOP_ANALYSIS = YES;
				CLANG_WARN_STRICT_PROTOTYPES = YES;
				CLANG_WARN_SUSPICIOUS_MOVE = YES;
				CLANG_WARN_UNGUARDED_AVAILABILITY = YES_AGGRESSIVE;
				CLANG_WARN_UNREACHABLE_CODE = YES;
				CLANG_WARN__DUPLICATE_METHOD_MATCH = YES;
				COPY_PHASE_STRIP = NO;
				DEBUG_INFORMATION_FORMAT = dwarf;
				ENABLE_STRICT_OBJC_MSGSEND = YES;
				ENABLE_TESTABILITY = YES;
				GCC_C_LANGUAGE_STANDARD = gnu11;
				GCC_DYNAMIC_NO_PIC = NO;
				GCC_NO_COMMON_BLOCKS = YES;
				GCC_OPTIMIZATION_LEVEL = 0;
				GCC_PREPROCESSOR_DEFINITIONS = (
					"DEBUG=1",
					"$(inherited)",
				);
				GCC_WARN_64_TO_32_BIT_CONVERSION = YES;
				GCC_WARN_ABOUT_RETURN_TYPE = YES_ERROR;
				GCC_WARN_UNDECLARED_SELECTOR = YES;
				GCC_WARN_UNINITIALIZED_AUTOS = YES_AGGRESSIVE;
				GCC_WARN_UNUSED_FUNCTION = YES;
				GCC_WARN_UNUSED_VARIABLE = YES;
				IPHONEOS_DEPLOYMENT_TARGET = 13.1;
				MTL_ENABLE_DEBUG_INFO = INCLUDE_SOURCE;
				MTL_FAST_MATH = YES;
				ONLY_ACTIVE_ARCH = YES;
				SDKROOT = iphoneos;
				SWIFT_ACTIVE_COMPILATION_CONDITIONS = DEBUG;
				SWIFT_OPTIMIZATION_LEVEL = "-Onone";
			};
			name = Debug;
		};
		C7820C82237DDA640087ADDE /* Release */ = {
			isa = XCBuildConfiguration;
			buildSettings = {
				ALWAYS_SEARCH_USER_PATHS = NO;
				CLANG_ANALYZER_NONNULL = YES;
				CLANG_ANALYZER_NUMBER_OBJECT_CONVERSION = YES_AGGRESSIVE;
				CLANG_CXX_LANGUAGE_STANDARD = "gnu++14";
				CLANG_CXX_LIBRARY = "libc++";
				CLANG_ENABLE_MODULES = YES;
				CLANG_ENABLE_OBJC_ARC = YES;
				CLANG_ENABLE_OBJC_WEAK = YES;
				CLANG_WARN_BLOCK_CAPTURE_AUTORELEASING = YES;
				CLANG_WARN_BOOL_CONVERSION = YES;
				CLANG_WARN_COMMA = YES;
				CLANG_WARN_CONSTANT_CONVERSION = YES;
				CLANG_WARN_DEPRECATED_OBJC_IMPLEMENTATIONS = YES;
				CLANG_WARN_DIRECT_OBJC_ISA_USAGE = YES_ERROR;
				CLANG_WARN_DOCUMENTATION_COMMENTS = YES;
				CLANG_WARN_EMPTY_BODY = YES;
				CLANG_WARN_ENUM_CONVERSION = YES;
				CLANG_WARN_INFINITE_RECURSION = YES;
				CLANG_WARN_INT_CONVERSION = YES;
				CLANG_WARN_NON_LITERAL_NULL_CONVERSION = YES;
				CLANG_WARN_OBJC_IMPLICIT_RETAIN_SELF = YES;
				CLANG_WARN_OBJC_LITERAL_CONVERSION = YES;
				CLANG_WARN_OBJC_ROOT_CLASS = YES_ERROR;
				CLANG_WARN_RANGE_LOOP_ANALYSIS = YES;
				CLANG_WARN_STRICT_PROTOTYPES = YES;
				CLANG_WARN_SUSPICIOUS_MOVE = YES;
				CLANG_WARN_UNGUARDED_AVAILABILITY = YES_AGGRESSIVE;
				CLANG_WARN_UNREACHABLE_CODE = YES;
				CLANG_WARN__DUPLICATE_METHOD_MATCH = YES;
				COPY_PHASE_STRIP = NO;
				DEBUG_INFORMATION_FORMAT = "dwarf-with-dsym";
				ENABLE_NS_ASSERTIONS = NO;
				ENABLE_STRICT_OBJC_MSGSEND = YES;
				GCC_C_LANGUAGE_STANDARD = gnu11;
				GCC_NO_COMMON_BLOCKS = YES;
				GCC_WARN_64_TO_32_BIT_CONVERSION = YES;
				GCC_WARN_ABOUT_RETURN_TYPE = YES_ERROR;
				GCC_WARN_UNDECLARED_SELECTOR = YES;
				GCC_WARN_UNINITIALIZED_AUTOS = YES_AGGRESSIVE;
				GCC_WARN_UNUSED_FUNCTION = YES;
				GCC_WARN_UNUSED_VARIABLE = YES;
				IPHONEOS_DEPLOYMENT_TARGET = 13.1;
				MTL_ENABLE_DEBUG_INFO = NO;
				MTL_FAST_MATH = YES;
				SDKROOT = iphoneos;
				SWIFT_COMPILATION_MODE = wholemodule;
				SWIFT_OPTIMIZATION_LEVEL = "-O";
				VALIDATE_PRODUCT = YES;
			};
			name = Release;
		};
		C7820C84237DDA640087ADDE /* Debug */ = {
			isa = XCBuildConfiguration;
			buildSettings = {
				ASSETCATALOG_COMPILER_APPICON_NAME = AppIcon;
				CODE_SIGN_STYLE = Automatic;
				DEVELOPMENT_ASSET_PATHS = "\"WeirdRockPaperScissors/Preview Content\"";
				ENABLE_PREVIEWS = YES;
				INFOPLIST_FILE = WeirdRockPaperScissors/Info.plist;
				LD_RUNPATH_SEARCH_PATHS = (
					"$(inherited)",
					"@executable_path/Frameworks",
				);
				PRODUCT_BUNDLE_IDENTIFIER = kim.yihwan.WeirdRockPaperScissors;
				PRODUCT_NAME = "$(TARGET_NAME)";
				SWIFT_VERSION = 5.0;
				TARGETED_DEVICE_FAMILY = "1,2";
			};
			name = Debug;
		};
		C7820C85237DDA640087ADDE /* Release */ = {
			isa = XCBuildConfiguration;
			buildSettings = {
				ASSETCATALOG_COMPILER_APPICON_NAME = AppIcon;
				CODE_SIGN_STYLE = Automatic;
				DEVELOPMENT_ASSET_PATHS = "\"WeirdRockPaperScissors/Preview Content\"";
				ENABLE_PREVIEWS = YES;
				INFOPLIST_FILE = WeirdRockPaperScissors/Info.plist;
				LD_RUNPATH_SEARCH_PATHS = (
					"$(inherited)",
					"@executable_path/Frameworks",
				);
				PRODUCT_BUNDLE_IDENTIFIER = kim.yihwan.WeirdRockPaperScissors;
				PRODUCT_NAME = "$(TARGET_NAME)";
				SWIFT_VERSION = 5.0;
				TARGETED_DEVICE_FAMILY = "1,2";
			};
			name = Release;
		};
		C7820C87237DDA640087ADDE /* Debug */ = {
			isa = XCBuildConfiguration;
			buildSettings = {
				ALWAYS_EMBED_SWIFT_STANDARD_LIBRARIES = YES;
				BUNDLE_LOADER = "$(TEST_HOST)";
				CODE_SIGN_STYLE = Automatic;
				INFOPLIST_FILE = WeirdRockPaperScissorsTests/Info.plist;
				IPHONEOS_DEPLOYMENT_TARGET = 13.1;
				LD_RUNPATH_SEARCH_PATHS = (
					"$(inherited)",
					"@executable_path/Frameworks",
					"@loader_path/Frameworks",
				);
				PRODUCT_BUNDLE_IDENTIFIER = kim.yihwan.WeirdRockPaperScissorsTests;
				PRODUCT_NAME = "$(TARGET_NAME)";
				SWIFT_VERSION = 5.0;
				TARGETED_DEVICE_FAMILY = "1,2";
				TEST_HOST = "$(BUILT_PRODUCTS_DIR)/WeirdRockPaperScissors.app/WeirdRockPaperScissors";
			};
			name = Debug;
		};
		C7820C88237DDA640087ADDE /* Release */ = {
			isa = XCBuildConfiguration;
			buildSettings = {
				ALWAYS_EMBED_SWIFT_STANDARD_LIBRARIES = YES;
				BUNDLE_LOADER = "$(TEST_HOST)";
				CODE_SIGN_STYLE = Automatic;
				INFOPLIST_FILE = WeirdRockPaperScissorsTests/Info.plist;
				IPHONEOS_DEPLOYMENT_TARGET = 13.1;
				LD_RUNPATH_SEARCH_PATHS = (
					"$(inherited)",
					"@executable_path/Frameworks",
					"@loader_path/Frameworks",
				);
				PRODUCT_BUNDLE_IDENTIFIER = kim.yihwan.WeirdRockPaperScissorsTests;
				PRODUCT_NAME = "$(TARGET_NAME)";
				SWIFT_VERSION = 5.0;
				TARGETED_DEVICE_FAMILY = "1,2";
				TEST_HOST = "$(BUILT_PRODUCTS_DIR)/WeirdRockPaperScissors.app/WeirdRockPaperScissors";
			};
			name = Release;
		};
		C7820C8A237DDA640087ADDE /* Debug */ = {
			isa = XCBuildConfiguration;
			buildSettings = {
				ALWAYS_EMBED_SWIFT_STANDARD_LIBRARIES = YES;
				CODE_SIGN_STYLE = Automatic;
				INFOPLIST_FILE = WeirdRockPaperScissorsUITests/Info.plist;
				LD_RUNPATH_SEARCH_PATHS = (
					"$(inherited)",
					"@executable_path/Frameworks",
					"@loader_path/Frameworks",
				);
				PRODUCT_BUNDLE_IDENTIFIER = kim.yihwan.WeirdRockPaperScissorsUITests;
				PRODUCT_NAME = "$(TARGET_NAME)";
				SWIFT_VERSION = 5.0;
				TARGETED_DEVICE_FAMILY = "1,2";
				TEST_TARGET_NAME = WeirdRockPaperScissors;
			};
			name = Debug;
		};
		C7820C8B237DDA640087ADDE /* Release */ = {
			isa = XCBuildConfiguration;
			buildSettings = {
				ALWAYS_EMBED_SWIFT_STANDARD_LIBRARIES = YES;
				CODE_SIGN_STYLE = Automatic;
				INFOPLIST_FILE = WeirdRockPaperScissorsUITests/Info.plist;
				LD_RUNPATH_SEARCH_PATHS = (
					"$(inherited)",
					"@executable_path/Frameworks",
					"@loader_path/Frameworks",
				);
				PRODUCT_BUNDLE_IDENTIFIER = kim.yihwan.WeirdRockPaperScissorsUITests;
				PRODUCT_NAME = "$(TARGET_NAME)";
				SWIFT_VERSION = 5.0;
				TARGETED_DEVICE_FAMILY = "1,2";
				TEST_TARGET_NAME = WeirdRockPaperScissors;
			};
			name = Release;
		};
/* End XCBuildConfiguration section */

/* Begin XCConfigurationList section */
		C7820C51237DDA630087ADDE /* Build configuration list for PBXProject "WeirdRockPaperScissors" */ = {
			isa = XCConfigurationList;
			buildConfigurations = (
				C7820C81237DDA640087ADDE /* Debug */,
				C7820C82237DDA640087ADDE /* Release */,
			);
			defaultConfigurationIsVisible = 0;
			defaultConfigurationName = Release;
		};
		C7820C83237DDA640087ADDE /* Build configuration list for PBXNativeTarget "WeirdRockPaperScissors" */ = {
			isa = XCConfigurationList;
			buildConfigurations = (
				C7820C84237DDA640087ADDE /* Debug */,
				C7820C85237DDA640087ADDE /* Release */,
			);
			defaultConfigurationIsVisible = 0;
			defaultConfigurationName = Release;
		};
		C7820C86237DDA640087ADDE /* Build configuration list for PBXNativeTarget "WeirdRockPaperScissorsTests" */ = {
			isa = XCConfigurationList;
			buildConfigurations = (
				C7820C87237DDA640087ADDE /* Debug */,
				C7820C88237DDA640087ADDE /* Release */,
			);
			defaultConfigurationIsVisible = 0;
			defaultConfigurationName = Release;
		};
		C7820C89237DDA640087ADDE /* Build configuration list for PBXNativeTarget "WeirdRockPaperScissorsUITests" */ = {
			isa = XCConfigurationList;
			buildConfigurations = (
				C7820C8A237DDA640087ADDE /* Debug */,
				C7820C8B237DDA640087ADDE /* Release */,
			);
			defaultConfigurationIsVisible = 0;
			defaultConfigurationName = Release;
		};
/* End XCConfigurationList section */

/* Begin XCVersionGroup section */
		C7820C5D237DDA630087ADDE /* WeirdRockPaperScissors.xcdatamodeld */ = {
			isa = XCVersionGroup;
			children = (
				C7820C5E237DDA630087ADDE /* WeirdRockPaperScissors.xcdatamodel */,
			);
			currentVersion = C7820C5E237DDA630087ADDE /* WeirdRockPaperScissors.xcdatamodel */;
			path = WeirdRockPaperScissors.xcdatamodeld;
			sourceTree = "<group>";
			versionGroupType = wrapper.xcdatamodel;
		};
/* End XCVersionGroup section */
	};
	rootObject = C7820C4E237DDA630087ADDE /* Project object */;
}
