// !$*UTF8*$!
{
	archiveVersion = 1;
	classes = {
	};
	objectVersion = 50;
	objects = {

/* Begin PBXBuildFile section */
		C7C33991237A55B100C11FE7 /* AppDelegate.swift in Sources */ = {isa = PBXBuildFile; fileRef = C7C33990237A55B100C11FE7 /* AppDelegate.swift */; };
		C7C33993237A55B100C11FE7 /* SceneDelegate.swift in Sources */ = {isa = PBXBuildFile; fileRef = C7C33992237A55B100C11FE7 /* SceneDelegate.swift */; };
		C7C33996237A55B100C11FE7 /* TemperatureConverter.xcdatamodeld in Sources */ = {isa = PBXBuildFile; fileRef = C7C33994237A55B100C11FE7 /* TemperatureConverter.xcdatamodeld */; };
		C7C33998237A55B100C11FE7 /* ContentView.swift in Sources */ = {isa = PBXBuildFile; fileRef = C7C33997237A55B100C11FE7 /* ContentView.swift */; };
		C7C3399A237A55B200C11FE7 /* Assets.xcassets in Resources */ = {isa = PBXBuildFile; fileRef = C7C33999237A55B200C11FE7 /* Assets.xcassets */; };
		C7C3399D237A55B200C11FE7 /* Preview Assets.xcassets in Resources */ = {isa = PBXBuildFile; fileRef = C7C3399C237A55B200C11FE7 /* Preview Assets.xcassets */; };
		C7C339A0237A55B200C11FE7 /* LaunchScreen.storyboard in Resources */ = {isa = PBXBuildFile; fileRef = C7C3399E237A55B200C11FE7 /* LaunchScreen.storyboard */; };
		C7C339AB237A55B200C11FE7 /* TemperatureConverterTests.swift in Sources */ = {isa = PBXBuildFile; fileRef = C7C339AA237A55B200C11FE7 /* TemperatureConverterTests.swift */; };
		C7C339B6237A55B200C11FE7 /* TemperatureConverterUITests.swift in Sources */ = {isa = PBXBuildFile; fileRef = C7C339B5237A55B200C11FE7 /* TemperatureConverterUITests.swift */; };
/* End PBXBuildFile section */

/* Begin PBXContainerItemProxy section */
		C7C339A7237A55B200C11FE7 /* PBXContainerItemProxy */ = {
			isa = PBXContainerItemProxy;
			containerPortal = C7C33985237A55B100C11FE7 /* Project object */;
			proxyType = 1;
			remoteGlobalIDString = C7C3398C237A55B100C11FE7;
			remoteInfo = TemperatureConverter;
		};
		C7C339B2237A55B200C11FE7 /* PBXContainerItemProxy */ = {
			isa = PBXContainerItemProxy;
			containerPortal = C7C33985237A55B100C11FE7 /* Project object */;
			proxyType = 1;
			remoteGlobalIDString = C7C3398C237A55B100C11FE7;
			remoteInfo = TemperatureConverter;
		};
/* End PBXContainerItemProxy section */

/* Begin PBXFileReference section */
		C7C3398D237A55B100C11FE7 /* TemperatureConverter.app */ = {isa = PBXFileReference; explicitFileType = wrapper.application; includeInIndex = 0; path = TemperatureConverter.app; sourceTree = BUILT_PRODUCTS_DIR; };
		C7C33990237A55B100C11FE7 /* AppDelegate.swift */ = {isa = PBXFileReference; lastKnownFileType = sourcecode.swift; path = AppDelegate.swift; sourceTree = "<group>"; };
		C7C33992237A55B100C11FE7 /* SceneDelegate.swift */ = {isa = PBXFileReference; lastKnownFileType = sourcecode.swift; path = SceneDelegate.swift; sourceTree = "<group>"; };
		C7C33995237A55B100C11FE7 /* TemperatureConverter.xcdatamodel */ = {isa = PBXFileReference; lastKnownFileType = wrapper.xcdatamodel; path = TemperatureConverter.xcdatamodel; sourceTree = "<group>"; };
		C7C33997237A55B100C11FE7 /* ContentView.swift */ = {isa = PBXFileReference; lastKnownFileType = sourcecode.swift; path = ContentView.swift; sourceTree = "<group>"; };
		C7C33999237A55B200C11FE7 /* Assets.xcassets */ = {isa = PBXFileReference; lastKnownFileType = folder.assetcatalog; path = Assets.xcassets; sourceTree = "<group>"; };
		C7C3399C237A55B200C11FE7 /* Preview Assets.xcassets */ = {isa = PBXFileReference; lastKnownFileType = folder.assetcatalog; path = "Preview Assets.xcassets"; sourceTree = "<group>"; };
		C7C3399F237A55B200C11FE7 /* Base */ = {isa = PBXFileReference; lastKnownFileType = file.storyboard; name = Base; path = Base.lproj/LaunchScreen.storyboard; sourceTree = "<group>"; };
		C7C339A1237A55B200C11FE7 /* Info.plist */ = {isa = PBXFileReference; lastKnownFileType = text.plist.xml; path = Info.plist; sourceTree = "<group>"; };
		C7C339A6237A55B200C11FE7 /* TemperatureConverterTests.xctest */ = {isa = PBXFileReference; explicitFileType = wrapper.cfbundle; includeInIndex = 0; path = TemperatureConverterTests.xctest; sourceTree = BUILT_PRODUCTS_DIR; };
		C7C339AA237A55B200C11FE7 /* TemperatureConverterTests.swift */ = {isa = PBXFileReference; lastKnownFileType = sourcecode.swift; path = TemperatureConverterTests.swift; sourceTree = "<group>"; };
		C7C339AC237A55B200C11FE7 /* Info.plist */ = {isa = PBXFileReference; lastKnownFileType = text.plist.xml; path = Info.plist; sourceTree = "<group>"; };
		C7C339B1237A55B200C11FE7 /* TemperatureConverterUITests.xctest */ = {isa = PBXFileReference; explicitFileType = wrapper.cfbundle; includeInIndex = 0; path = TemperatureConverterUITests.xctest; sourceTree = BUILT_PRODUCTS_DIR; };
		C7C339B5237A55B200C11FE7 /* TemperatureConverterUITests.swift */ = {isa = PBXFileReference; lastKnownFileType = sourcecode.swift; path = TemperatureConverterUITests.swift; sourceTree = "<group>"; };
		C7C339B7237A55B200C11FE7 /* Info.plist */ = {isa = PBXFileReference; lastKnownFileType = text.plist.xml; path = Info.plist; sourceTree = "<group>"; };
/* End PBXFileReference section */

/* Begin PBXFrameworksBuildPhase section */
		C7C3398A237A55B100C11FE7 /* Frameworks */ = {
			isa = PBXFrameworksBuildPhase;
			buildActionMask = 2147483647;
			files = (
			);
			runOnlyForDeploymentPostprocessing = 0;
		};
		C7C339A3237A55B200C11FE7 /* Frameworks */ = {
			isa = PBXFrameworksBuildPhase;
			buildActionMask = 2147483647;
			files = (
			);
			runOnlyForDeploymentPostprocessing = 0;
		};
		C7C339AE237A55B200C11FE7 /* Frameworks */ = {
			isa = PBXFrameworksBuildPhase;
			buildActionMask = 2147483647;
			files = (
			);
			runOnlyForDeploymentPostprocessing = 0;
		};
/* End PBXFrameworksBuildPhase section */

/* Begin PBXGroup section */
		C7C33984237A55B100C11FE7 = {
			isa = PBXGroup;
			children = (
				C7C3398F237A55B100C11FE7 /* TemperatureConverter */,
				C7C339A9237A55B200C11FE7 /* TemperatureConverterTests */,
				C7C339B4237A55B200C11FE7 /* TemperatureConverterUITests */,
				C7C3398E237A55B100C11FE7 /* Products */,
			);
			sourceTree = "<group>";
		};
		C7C3398E237A55B100C11FE7 /* Products */ = {
			isa = PBXGroup;
			children = (
				C7C3398D237A55B100C11FE7 /* TemperatureConverter.app */,
				C7C339A6237A55B200C11FE7 /* TemperatureConverterTests.xctest */,
				C7C339B1237A55B200C11FE7 /* TemperatureConverterUITests.xctest */,
			);
			name = Products;
			sourceTree = "<group>";
		};
		C7C3398F237A55B100C11FE7 /* TemperatureConverter */ = {
			isa = PBXGroup;
			children = (
				C7C33990237A55B100C11FE7 /* AppDelegate.swift */,
				C7C33992237A55B100C11FE7 /* SceneDelegate.swift */,
				C7C33997237A55B100C11FE7 /* ContentView.swift */,
				C7C33999237A55B200C11FE7 /* Assets.xcassets */,
				C7C3399E237A55B200C11FE7 /* LaunchScreen.storyboard */,
				C7C339A1237A55B200C11FE7 /* Info.plist */,
				C7C33994237A55B100C11FE7 /* TemperatureConverter.xcdatamodeld */,
				C7C3399B237A55B200C11FE7 /* Preview Content */,
			);
			path = TemperatureConverter;
			sourceTree = "<group>";
		};
		C7C3399B237A55B200C11FE7 /* Preview Content */ = {
			isa = PBXGroup;
			children = (
				C7C3399C237A55B200C11FE7 /* Preview Assets.xcassets */,
			);
			path = "Preview Content";
			sourceTree = "<group>";
		};
		C7C339A9237A55B200C11FE7 /* TemperatureConverterTests */ = {
			isa = PBXGroup;
			children = (
				C7C339AA237A55B200C11FE7 /* TemperatureConverterTests.swift */,
				C7C339AC237A55B200C11FE7 /* Info.plist */,
			);
			path = TemperatureConverterTests;
			sourceTree = "<group>";
		};
		C7C339B4237A55B200C11FE7 /* TemperatureConverterUITests */ = {
			isa = PBXGroup;
			children = (
				C7C339B5237A55B200C11FE7 /* TemperatureConverterUITests.swift */,
				C7C339B7237A55B200C11FE7 /* Info.plist */,
			);
			path = TemperatureConverterUITests;
			sourceTree = "<group>";
		};
/* End PBXGroup section */

/* Begin PBXNativeTarget section */
		C7C3398C237A55B100C11FE7 /* TemperatureConverter */ = {
			isa = PBXNativeTarget;
			buildConfigurationList = C7C339BA237A55B200C11FE7 /* Build configuration list for PBXNativeTarget "TemperatureConverter" */;
			buildPhases = (
				C7C33989237A55B100C11FE7 /* Sources */,
				C7C3398A237A55B100C11FE7 /* Frameworks */,
				C7C3398B237A55B100C11FE7 /* Resources */,
			);
			buildRules = (
			);
			dependencies = (
			);
			name = TemperatureConverter;
			productName = TemperatureConverter;
			productReference = C7C3398D237A55B100C11FE7 /* TemperatureConverter.app */;
			productType = "com.apple.product-type.application";
		};
		C7C339A5237A55B200C11FE7 /* TemperatureConverterTests */ = {
			isa = PBXNativeTarget;
			buildConfigurationList = C7C339BD237A55B200C11FE7 /* Build configuration list for PBXNativeTarget "TemperatureConverterTests" */;
			buildPhases = (
				C7C339A2237A55B200C11FE7 /* Sources */,
				C7C339A3237A55B200C11FE7 /* Frameworks */,
				C7C339A4237A55B200C11FE7 /* Resources */,
			);
			buildRules = (
			);
			dependencies = (
				C7C339A8237A55B200C11FE7 /* PBXTargetDependency */,
			);
			name = TemperatureConverterTests;
			productName = TemperatureConverterTests;
			productReference = C7C339A6237A55B200C11FE7 /* TemperatureConverterTests.xctest */;
			productType = "com.apple.product-type.bundle.unit-test";
		};
		C7C339B0237A55B200C11FE7 /* TemperatureConverterUITests */ = {
			isa = PBXNativeTarget;
			buildConfigurationList = C7C339C0237A55B200C11FE7 /* Build configuration list for PBXNativeTarget "TemperatureConverterUITests" */;
			buildPhases = (
				C7C339AD237A55B200C11FE7 /* Sources */,
				C7C339AE237A55B200C11FE7 /* Frameworks */,
				C7C339AF237A55B200C11FE7 /* Resources */,
			);
			buildRules = (
			);
			dependencies = (
				C7C339B3237A55B200C11FE7 /* PBXTargetDependency */,
			);
			name = TemperatureConverterUITests;
			productName = TemperatureConverterUITests;
			productReference = C7C339B1237A55B200C11FE7 /* TemperatureConverterUITests.xctest */;
			productType = "com.apple.product-type.bundle.ui-testing";
		};
/* End PBXNativeTarget section */

/* Begin PBXProject section */
		C7C33985237A55B100C11FE7 /* Project object */ = {
			isa = PBXProject;
			attributes = {
				LastSwiftUpdateCheck = 1110;
				LastUpgradeCheck = 1110;
				ORGANIZATIONNAME = "Yihwan Kim";
				TargetAttributes = {
					C7C3398C237A55B100C11FE7 = {
						CreatedOnToolsVersion = 11.1;
					};
					C7C339A5237A55B200C11FE7 = {
						CreatedOnToolsVersion = 11.1;
						TestTargetID = C7C3398C237A55B100C11FE7;
					};
					C7C339B0237A55B200C11FE7 = {
						CreatedOnToolsVersion = 11.1;
						TestTargetID = C7C3398C237A55B100C11FE7;
					};
				};
			};
			buildConfigurationList = C7C33988237A55B100C11FE7 /* Build configuration list for PBXProject "TemperatureConverter" */;
			compatibilityVersion = "Xcode 9.3";
			developmentRegion = en;
			hasScannedForEncodings = 0;
			knownRegions = (
				en,
				Base,
			);
			mainGroup = C7C33984237A55B100C11FE7;
			productRefGroup = C7C3398E237A55B100C11FE7 /* Products */;
			projectDirPath = "";
			projectRoot = "";
			targets = (
				C7C3398C237A55B100C11FE7 /* TemperatureConverter */,
				C7C339A5237A55B200C11FE7 /* TemperatureConverterTests */,
				C7C339B0237A55B200C11FE7 /* TemperatureConverterUITests */,
			);
		};
/* End PBXProject section */

/* Begin PBXResourcesBuildPhase section */
		C7C3398B237A55B100C11FE7 /* Resources */ = {
			isa = PBXResourcesBuildPhase;
			buildActionMask = 2147483647;
			files = (
				C7C339A0237A55B200C11FE7 /* LaunchScreen.storyboard in Resources */,
				C7C3399D237A55B200C11FE7 /* Preview Assets.xcassets in Resources */,
				C7C3399A237A55B200C11FE7 /* Assets.xcassets in Resources */,
			);
			runOnlyForDeploymentPostprocessing = 0;
		};
		C7C339A4237A55B200C11FE7 /* Resources */ = {
			isa = PBXResourcesBuildPhase;
			buildActionMask = 2147483647;
			files = (
			);
			runOnlyForDeploymentPostprocessing = 0;
		};
		C7C339AF237A55B200C11FE7 /* Resources */ = {
			isa = PBXResourcesBuildPhase;
			buildActionMask = 2147483647;
			files = (
			);
			runOnlyForDeploymentPostprocessing = 0;
		};
/* End PBXResourcesBuildPhase section */

/* Begin PBXSourcesBuildPhase section */
		C7C33989237A55B100C11FE7 /* Sources */ = {
			isa = PBXSourcesBuildPhase;
			buildActionMask = 2147483647;
			files = (
				C7C33996237A55B100C11FE7 /* TemperatureConverter.xcdatamodeld in Sources */,
				C7C33991237A55B100C11FE7 /* AppDelegate.swift in Sources */,
				C7C33998237A55B100C11FE7 /* ContentView.swift in Sources */,
				C7C33993237A55B100C11FE7 /* SceneDelegate.swift in Sources */,
			);
			runOnlyForDeploymentPostprocessing = 0;
		};
		C7C339A2237A55B200C11FE7 /* Sources */ = {
			isa = PBXSourcesBuildPhase;
			buildActionMask = 2147483647;
			files = (
				C7C339AB237A55B200C11FE7 /* TemperatureConverterTests.swift in Sources */,
			);
			runOnlyForDeploymentPostprocessing = 0;
		};
		C7C339AD237A55B200C11FE7 /* Sources */ = {
			isa = PBXSourcesBuildPhase;
			buildActionMask = 2147483647;
			files = (
				C7C339B6237A55B200C11FE7 /* TemperatureConverterUITests.swift in Sources */,
			);
			runOnlyForDeploymentPostprocessing = 0;
		};
/* End PBXSourcesBuildPhase section */

/* Begin PBXTargetDependency section */
		C7C339A8237A55B200C11FE7 /* PBXTargetDependency */ = {
			isa = PBXTargetDependency;
			target = C7C3398C237A55B100C11FE7 /* TemperatureConverter */;
			targetProxy = C7C339A7237A55B200C11FE7 /* PBXContainerItemProxy */;
		};
		C7C339B3237A55B200C11FE7 /* PBXTargetDependency */ = {
			isa = PBXTargetDependency;
			target = C7C3398C237A55B100C11FE7 /* TemperatureConverter */;
			targetProxy = C7C339B2237A55B200C11FE7 /* PBXContainerItemProxy */;
		};
/* End PBXTargetDependency section */

/* Begin PBXVariantGroup section */
		C7C3399E237A55B200C11FE7 /* LaunchScreen.storyboard */ = {
			isa = PBXVariantGroup;
			children = (
				C7C3399F237A55B200C11FE7 /* Base */,
			);
			name = LaunchScreen.storyboard;
			sourceTree = "<group>";
		};
/* End PBXVariantGroup section */

/* Begin XCBuildConfiguration section */
		C7C339B8237A55B200C11FE7 /* Debug */ = {
			isa = XCBuildConfiguration;
			buildSettings = {
				ALWAYS_SEARCH_USER_PATHS = NO;
				CLANG_ANALYZER_NONNULL = YES;
				CLANG_ANALYZER_NUMBER_OBJECT_CONVERSION = YES_AGGRESSIVE;
				CLANG_CXX_LANGUAGE_STANDARD = "gnu++14";
				CLANG_CXX_LIBRARY = "libc++";
				CLANG_ENABLE_MODULES = YES;
				CLANG_ENABLE_OBJC_ARC = YES;
				CLANG_ENABLE_OBJC_WEAK = YES;
				CLANG_WARN_BLOCK_CAPTURE_AUTORELEASING = YES;
				CLANG_WARN_BOOL_CONVERSION = YES;
				CLANG_WARN_COMMA = YES;
				CLANG_WARN_CONSTANT_CONVERSION = YES;
				CLANG_WARN_DEPRECATED_OBJC_IMPLEMENTATIONS = YES;
				CLANG_WARN_DIRECT_OBJC_ISA_USAGE = YES_ERROR;
				CLANG_WARN_DOCUMENTATION_COMMENTS = YES;
				CLANG_WARN_EMPTY_BODY = YES;
				CLANG_WARN_ENUM_CONVERSION = YES;
				CLANG_WARN_INFINITE_RECURSION = YES;
				CLANG_WARN_INT_CONVERSION = YES;
				CLANG_WARN_NON_LITERAL_NULL_CONVERSION = YES;
				CLANG_WARN_OBJC_IMPLICIT_RETAIN_SELF = YES;
				CLANG_WARN_OBJC_LITERAL_CONVERSION = YES;
				CLANG_WARN_OBJC_ROOT_CLASS = YES_ERROR;
				CLANG_WARN_RANGE_LOOP_ANALYSIS = YES;
				CLANG_WARN_STRICT_PROTOTYPES = YES;
				CLANG_WARN_SUSPICIOUS_MOVE = YES;
				CLANG_WARN_UNGUARDED_AVAILABILITY = YES_AGGRESSIVE;
				CLANG_WARN_UNREACHABLE_CODE = YES;
				CLANG_WARN__DUPLICATE_METHOD_MATCH = YES;
				COPY_PHASE_STRIP = NO;
				DEBUG_INFORMATION_FORMAT = dwarf;
				ENABLE_STRICT_OBJC_MSGSEND = YES;
				ENABLE_TESTABILITY = YES;
				GCC_C_LANGUAGE_STANDARD = gnu11;
				GCC_DYNAMIC_NO_PIC = NO;
				GCC_NO_COMMON_BLOCKS = YES;
				GCC_OPTIMIZATION_LEVEL = 0;
				GCC_PREPROCESSOR_DEFINITIONS = (
					"DEBUG=1",
					"$(inherited)",
				);
				GCC_WARN_64_TO_32_BIT_CONVERSION = YES;
				GCC_WARN_ABOUT_RETURN_TYPE = YES_ERROR;
				GCC_WARN_UNDECLARED_SELECTOR = YES;
				GCC_WARN_UNINITIALIZED_AUTOS = YES_AGGRESSIVE;
				GCC_WARN_UNUSED_FUNCTION = YES;
				GCC_WARN_UNUSED_VARIABLE = YES;
				IPHONEOS_DEPLOYMENT_TARGET = 13.1;
				MTL_ENABLE_DEBUG_INFO = INCLUDE_SOURCE;
				MTL_FAST_MATH = YES;
				ONLY_ACTIVE_ARCH = YES;
				SDKROOT = iphoneos;
				SWIFT_ACTIVE_COMPILATION_CONDITIONS = DEBUG;
				SWIFT_OPTIMIZATION_LEVEL = "-Onone";
			};
			name = Debug;
		};
		C7C339B9237A55B200C11FE7 /* Release */ = {
			isa = XCBuildConfiguration;
			buildSettings = {
				ALWAYS_SEARCH_USER_PATHS = NO;
				CLANG_ANALYZER_NONNULL = YES;
				CLANG_ANALYZER_NUMBER_OBJECT_CONVERSION = YES_AGGRESSIVE;
				CLANG_CXX_LANGUAGE_STANDARD = "gnu++14";
				CLANG_CXX_LIBRARY = "libc++";
				CLANG_ENABLE_MODULES = YES;
				CLANG_ENABLE_OBJC_ARC = YES;
				CLANG_ENABLE_OBJC_WEAK = YES;
				CLANG_WARN_BLOCK_CAPTURE_AUTORELEASING = YES;
				CLANG_WARN_BOOL_CONVERSION = YES;
				CLANG_WARN_COMMA = YES;
				CLANG_WARN_CONSTANT_CONVERSION = YES;
				CLANG_WARN_DEPRECATED_OBJC_IMPLEMENTATIONS = YES;
				CLANG_WARN_DIRECT_OBJC_ISA_USAGE = YES_ERROR;
				CLANG_WARN_DOCUMENTATION_COMMENTS = YES;
				CLANG_WARN_EMPTY_BODY = YES;
				CLANG_WARN_ENUM_CONVERSION = YES;
				CLANG_WARN_INFINITE_RECURSION = YES;
				CLANG_WARN_INT_CONVERSION = YES;
				CLANG_WARN_NON_LITERAL_NULL_CONVERSION = YES;
				CLANG_WARN_OBJC_IMPLICIT_RETAIN_SELF = YES;
				CLANG_WARN_OBJC_LITERAL_CONVERSION = YES;
				CLANG_WARN_OBJC_ROOT_CLASS = YES_ERROR;
				CLANG_WARN_RANGE_LOOP_ANALYSIS = YES;
				CLANG_WARN_STRICT_PROTOTYPES = YES;
				CLANG_WARN_SUSPICIOUS_MOVE = YES;
				CLANG_WARN_UNGUARDED_AVAILABILITY = YES_AGGRESSIVE;
				CLANG_WARN_UNREACHABLE_CODE = YES;
				CLANG_WARN__DUPLICATE_METHOD_MATCH = YES;
				COPY_PHASE_STRIP = NO;
				DEBUG_INFORMATION_FORMAT = "dwarf-with-dsym";
				ENABLE_NS_ASSERTIONS = NO;
				ENABLE_STRICT_OBJC_MSGSEND = YES;
				GCC_C_LANGUAGE_STANDARD = gnu11;
				GCC_NO_COMMON_BLOCKS = YES;
				GCC_WARN_64_TO_32_BIT_CONVERSION = YES;
				GCC_WARN_ABOUT_RETURN_TYPE = YES_ERROR;
				GCC_WARN_UNDECLARED_SELECTOR = YES;
				GCC_WARN_UNINITIALIZED_AUTOS = YES_AGGRESSIVE;
				GCC_WARN_UNUSED_FUNCTION = YES;
				GCC_WARN_UNUSED_VARIABLE = YES;
				IPHONEOS_DEPLOYMENT_TARGET = 13.1;
				MTL_ENABLE_DEBUG_INFO = NO;
				MTL_FAST_MATH = YES;
				SDKROOT = iphoneos;
				SWIFT_COMPILATION_MODE = wholemodule;
				SWIFT_OPTIMIZATION_LEVEL = "-O";
				VALIDATE_PRODUCT = YES;
			};
			name = Release;
		};
		C7C339BB237A55B200C11FE7 /* Debug */ = {
			isa = XCBuildConfiguration;
			buildSettings = {
				ASSETCATALOG_COMPILER_APPICON_NAME = AppIcon;
				CODE_SIGN_STYLE = Automatic;
				DEVELOPMENT_ASSET_PATHS = "\"TemperatureConverter/Preview Content\"";
				ENABLE_PREVIEWS = YES;
				INFOPLIST_FILE = TemperatureConverter/Info.plist;
				LD_RUNPATH_SEARCH_PATHS = (
					"$(inherited)",
					"@executable_path/Frameworks",
				);
				PRODUCT_BUNDLE_IDENTIFIER = kim.yihwan.TemperatureConverter;
				PRODUCT_NAME = "$(TARGET_NAME)";
				SWIFT_VERSION = 5.0;
				TARGETED_DEVICE_FAMILY = "1,2";
			};
			name = Debug;
		};
		C7C339BC237A55B200C11FE7 /* Release */ = {
			isa = XCBuildConfiguration;
			buildSettings = {
				ASSETCATALOG_COMPILER_APPICON_NAME = AppIcon;
				CODE_SIGN_STYLE = Automatic;
				DEVELOPMENT_ASSET_PATHS = "\"TemperatureConverter/Preview Content\"";
				ENABLE_PREVIEWS = YES;
				INFOPLIST_FILE = TemperatureConverter/Info.plist;
				LD_RUNPATH_SEARCH_PATHS = (
					"$(inherited)",
					"@executable_path/Frameworks",
				);
				PRODUCT_BUNDLE_IDENTIFIER = kim.yihwan.TemperatureConverter;
				PRODUCT_NAME = "$(TARGET_NAME)";
				SWIFT_VERSION = 5.0;
				TARGETED_DEVICE_FAMILY = "1,2";
			};
			name = Release;
		};
		C7C339BE237A55B200C11FE7 /* Debug */ = {
			isa = XCBuildConfiguration;
			buildSettings = {
				ALWAYS_EMBED_SWIFT_STANDARD_LIBRARIES = YES;
				BUNDLE_LOADER = "$(TEST_HOST)";
				CODE_SIGN_STYLE = Automatic;
				INFOPLIST_FILE = TemperatureConverterTests/Info.plist;
				IPHONEOS_DEPLOYMENT_TARGET = 13.1;
				LD_RUNPATH_SEARCH_PATHS = (
					"$(inherited)",
					"@executable_path/Frameworks",
					"@loader_path/Frameworks",
				);
				PRODUCT_BUNDLE_IDENTIFIER = kim.yihwan.TemperatureConverterTests;
				PRODUCT_NAME = "$(TARGET_NAME)";
				SWIFT_VERSION = 5.0;
				TARGETED_DEVICE_FAMILY = "1,2";
				TEST_HOST = "$(BUILT_PRODUCTS_DIR)/TemperatureConverter.app/TemperatureConverter";
			};
			name = Debug;
		};
		C7C339BF237A55B200C11FE7 /* Release */ = {
			isa = XCBuildConfiguration;
			buildSettings = {
				ALWAYS_EMBED_SWIFT_STANDARD_LIBRARIES = YES;
				BUNDLE_LOADER = "$(TEST_HOST)";
				CODE_SIGN_STYLE = Automatic;
				INFOPLIST_FILE = TemperatureConverterTests/Info.plist;
				IPHONEOS_DEPLOYMENT_TARGET = 13.1;
				LD_RUNPATH_SEARCH_PATHS = (
					"$(inherited)",
					"@executable_path/Frameworks",
					"@loader_path/Frameworks",
				);
				PRODUCT_BUNDLE_IDENTIFIER = kim.yihwan.TemperatureConverterTests;
				PRODUCT_NAME = "$(TARGET_NAME)";
				SWIFT_VERSION = 5.0;
				TARGETED_DEVICE_FAMILY = "1,2";
				TEST_HOST = "$(BUILT_PRODUCTS_DIR)/TemperatureConverter.app/TemperatureConverter";
			};
			name = Release;
		};
		C7C339C1237A55B200C11FE7 /* Debug */ = {
			isa = XCBuildConfiguration;
			buildSettings = {
				ALWAYS_EMBED_SWIFT_STANDARD_LIBRARIES = YES;
				CODE_SIGN_STYLE = Automatic;
				INFOPLIST_FILE = TemperatureConverterUITests/Info.plist;
				LD_RUNPATH_SEARCH_PATHS = (
					"$(inherited)",
					"@executable_path/Frameworks",
					"@loader_path/Frameworks",
				);
				PRODUCT_BUNDLE_IDENTIFIER = kim.yihwan.TemperatureConverterUITests;
				PRODUCT_NAME = "$(TARGET_NAME)";
				SWIFT_VERSION = 5.0;
				TARGETED_DEVICE_FAMILY = "1,2";
				TEST_TARGET_NAME = TemperatureConverter;
			};
			name = Debug;
		};
		C7C339C2237A55B200C11FE7 /* Release */ = {
			isa = XCBuildConfiguration;
			buildSettings = {
				ALWAYS_EMBED_SWIFT_STANDARD_LIBRARIES = YES;
				CODE_SIGN_STYLE = Automatic;
				INFOPLIST_FILE = TemperatureConverterUITests/Info.plist;
				LD_RUNPATH_SEARCH_PATHS = (
					"$(inherited)",
					"@executable_path/Frameworks",
					"@loader_path/Frameworks",
				);
				PRODUCT_BUNDLE_IDENTIFIER = kim.yihwan.TemperatureConverterUITests;
				PRODUCT_NAME = "$(TARGET_NAME)";
				SWIFT_VERSION = 5.0;
				TARGETED_DEVICE_FAMILY = "1,2";
				TEST_TARGET_NAME = TemperatureConverter;
			};
			name = Release;
		};
/* End XCBuildConfiguration section */

/* Begin XCConfigurationList section */
		C7C33988237A55B100C11FE7 /* Build configuration list for PBXProject "TemperatureConverter" */ = {
			isa = XCConfigurationList;
			buildConfigurations = (
				C7C339B8237A55B200C11FE7 /* Debug */,
				C7C339B9237A55B200C11FE7 /* Release */,
			);
			defaultConfigurationIsVisible = 0;
			defaultConfigurationName = Release;
		};
		C7C339BA237A55B200C11FE7 /* Build configuration list for PBXNativeTarget "TemperatureConverter" */ = {
			isa = XCConfigurationList;
			buildConfigurations = (
				C7C339BB237A55B200C11FE7 /* Debug */,
				C7C339BC237A55B200C11FE7 /* Release */,
			);
			defaultConfigurationIsVisible = 0;
			defaultConfigurationName = Release;
		};
		C7C339BD237A55B200C11FE7 /* Build configuration list for PBXNativeTarget "TemperatureConverterTests" */ = {
			isa = XCConfigurationList;
			buildConfigurations = (
				C7C339BE237A55B200C11FE7 /* Debug */,
				C7C339BF237A55B200C11FE7 /* Release */,
			);
			defaultConfigurationIsVisible = 0;
			defaultConfigurationName = Release;
		};
		C7C339C0237A55B200C11FE7 /* Build configuration list for PBXNativeTarget "TemperatureConverterUITests" */ = {
			isa = XCConfigurationList;
			buildConfigurations = (
				C7C339C1237A55B200C11FE7 /* Debug */,
				C7C339C2237A55B200C11FE7 /* Release */,
			);
			defaultConfigurationIsVisible = 0;
			defaultConfigurationName = Release;
		};
/* End XCConfigurationList section */

/* Begin XCVersionGroup section */
		C7C33994237A55B100C11FE7 /* TemperatureConverter.xcdatamodeld */ = {
			isa = XCVersionGroup;
			children = (
				C7C33995237A55B100C11FE7 /* TemperatureConverter.xcdatamodel */,
			);
			currentVersion = C7C33995237A55B100C11FE7 /* TemperatureConverter.xcdatamodel */;
			path = TemperatureConverter.xcdatamodeld;
			sourceTree = "<group>";
			versionGroupType = wrapper.xcdatamodel;
		};
/* End XCVersionGroup section */
	};
	rootObject = C7C33985237A55B100C11FE7 /* Project object */;
}
