// !$*UTF8*$!
{
	archiveVersion = 1;
	classes = {
	};
	objectVersion = 50;
	objects = {

/* Begin PBXBuildFile section */
		C7A17183237804F400464ACC /* AppDelegate.swift in Sources */ = {isa = PBXBuildFile; fileRef = C7A17182237804F400464ACC /* AppDelegate.swift */; };
		C7A17185237804F400464ACC /* SceneDelegate.swift in Sources */ = {isa = PBXBuildFile; fileRef = C7A17184237804F400464ACC /* SceneDelegate.swift */; };
		C7A17188237804F400464ACC /* WeSplit.xcdatamodeld in Sources */ = {isa = PBXBuildFile; fileRef = C7A17186237804F400464ACC /* WeSplit.xcdatamodeld */; };
		C7A1718A237804F400464ACC /* ContentView.swift in Sources */ = {isa = PBXBuildFile; fileRef = C7A17189237804F400464ACC /* ContentView.swift */; };
		C7A1718C237804F500464ACC /* Assets.xcassets in Resources */ = {isa = PBXBuildFile; fileRef = C7A1718B237804F500464ACC /* Assets.xcassets */; };
		C7A1718F237804F500464ACC /* Preview Assets.xcassets in Resources */ = {isa = PBXBuildFile; fileRef = C7A1718E237804F500464ACC /* Preview Assets.xcassets */; };
		C7A17192237804F500464ACC /* LaunchScreen.storyboard in Resources */ = {isa = PBXBuildFile; fileRef = C7A17190237804F500464ACC /* LaunchScreen.storyboard */; };
		C7A1719D237804F500464ACC /* WeSplitTests.swift in Sources */ = {isa = PBXBuildFile; fileRef = C7A1719C237804F500464ACC /* WeSplitTests.swift */; };
		C7A171A8237804F500464ACC /* WeSplitUITests.swift in Sources */ = {isa = PBXBuildFile; fileRef = C7A171A7237804F500464ACC /* WeSplitUITests.swift */; };
/* End PBXBuildFile section */

/* Begin PBXContainerItemProxy section */
		C7A17199237804F500464ACC /* PBXContainerItemProxy */ = {
			isa = PBXContainerItemProxy;
			containerPortal = C7A17177237804F400464ACC /* Project object */;
			proxyType = 1;
			remoteGlobalIDString = C7A1717E237804F400464ACC;
			remoteInfo = WeSplit;
		};
		C7A171A4237804F500464ACC /* PBXContainerItemProxy */ = {
			isa = PBXContainerItemProxy;
			containerPortal = C7A17177237804F400464ACC /* Project object */;
			proxyType = 1;
			remoteGlobalIDString = C7A1717E237804F400464ACC;
			remoteInfo = WeSplit;
		};
/* End PBXContainerItemProxy section */

/* Begin PBXFileReference section */
		C7A1717F237804F400464ACC /* WeSplit.app */ = {isa = PBXFileReference; explicitFileType = wrapper.application; includeInIndex = 0; path = WeSplit.app; sourceTree = BUILT_PRODUCTS_DIR; };
		C7A17182237804F400464ACC /* AppDelegate.swift */ = {isa = PBXFileReference; lastKnownFileType = sourcecode.swift; path = AppDelegate.swift; sourceTree = "<group>"; };
		C7A17184237804F400464ACC /* SceneDelegate.swift */ = {isa = PBXFileReference; lastKnownFileType = sourcecode.swift; path = SceneDelegate.swift; sourceTree = "<group>"; };
		C7A17187237804F400464ACC /* WeSplit.xcdatamodel */ = {isa = PBXFileReference; lastKnownFileType = wrapper.xcdatamodel; path = WeSplit.xcdatamodel; sourceTree = "<group>"; };
		C7A17189237804F400464ACC /* ContentView.swift */ = {isa = PBXFileReference; lastKnownFileType = sourcecode.swift; path = ContentView.swift; sourceTree = "<group>"; };
		C7A1718B237804F500464ACC /* Assets.xcassets */ = {isa = PBXFileReference; lastKnownFileType = folder.assetcatalog; path = Assets.xcassets; sourceTree = "<group>"; };
		C7A1718E237804F500464ACC /* Preview Assets.xcassets */ = {isa = PBXFileReference; lastKnownFileType = folder.assetcatalog; path = "Preview Assets.xcassets"; sourceTree = "<group>"; };
		C7A17191237804F500464ACC /* Base */ = {isa = PBXFileReference; lastKnownFileType = file.storyboard; name = Base; path = Base.lproj/LaunchScreen.storyboard; sourceTree = "<group>"; };
		C7A17193237804F500464ACC /* Info.plist */ = {isa = PBXFileReference; lastKnownFileType = text.plist.xml; path = Info.plist; sourceTree = "<group>"; };
		C7A17198237804F500464ACC /* WeSplitTests.xctest */ = {isa = PBXFileReference; explicitFileType = wrapper.cfbundle; includeInIndex = 0; path = WeSplitTests.xctest; sourceTree = BUILT_PRODUCTS_DIR; };
		C7A1719C237804F500464ACC /* WeSplitTests.swift */ = {isa = PBXFileReference; lastKnownFileType = sourcecode.swift; path = WeSplitTests.swift; sourceTree = "<group>"; };
		C7A1719E237804F500464ACC /* Info.plist */ = {isa = PBXFileReference; lastKnownFileType = text.plist.xml; path = Info.plist; sourceTree = "<group>"; };
		C7A171A3237804F500464ACC /* WeSplitUITests.xctest */ = {isa = PBXFileReference; explicitFileType = wrapper.cfbundle; includeInIndex = 0; path = WeSplitUITests.xctest; sourceTree = BUILT_PRODUCTS_DIR; };
		C7A171A7237804F500464ACC /* WeSplitUITests.swift */ = {isa = PBXFileReference; lastKnownFileType = sourcecode.swift; path = WeSplitUITests.swift; sourceTree = "<group>"; };
		C7A171A9237804F500464ACC /* Info.plist */ = {isa = PBXFileReference; lastKnownFileType = text.plist.xml; path = Info.plist; sourceTree = "<group>"; };
/* End PBXFileReference section */

/* Begin PBXFrameworksBuildPhase section */
		C7A1717C237804F400464ACC /* Frameworks */ = {
			isa = PBXFrameworksBuildPhase;
			buildActionMask = 2147483647;
			files = (
			);
			runOnlyForDeploymentPostprocessing = 0;
		};
		C7A17195237804F500464ACC /* Frameworks */ = {
			isa = PBXFrameworksBuildPhase;
			buildActionMask = 2147483647;
			files = (
			);
			runOnlyForDeploymentPostprocessing = 0;
		};
		C7A171A0237804F500464ACC /* Frameworks */ = {
			isa = PBXFrameworksBuildPhase;
			buildActionMask = 2147483647;
			files = (
			);
			runOnlyForDeploymentPostprocessing = 0;
		};
/* End PBXFrameworksBuildPhase section */

/* Begin PBXGroup section */
		C7A17176237804F400464ACC = {
			isa = PBXGroup;
			children = (
				C7A17181237804F400464ACC /* WeSplit */,
				C7A1719B237804F500464ACC /* WeSplitTests */,
				C7A171A6237804F500464ACC /* WeSplitUITests */,
				C7A17180237804F400464ACC /* Products */,
			);
			sourceTree = "<group>";
		};
		C7A17180237804F400464ACC /* Products */ = {
			isa = PBXGroup;
			children = (
				C7A1717F237804F400464ACC /* WeSplit.app */,
				C7A17198237804F500464ACC /* WeSplitTests.xctest */,
				C7A171A3237804F500464ACC /* WeSplitUITests.xctest */,
			);
			name = Products;
			sourceTree = "<group>";
		};
		C7A17181237804F400464ACC /* WeSplit */ = {
			isa = PBXGroup;
			children = (
				C7A17182237804F400464ACC /* AppDelegate.swift */,
				C7A17184237804F400464ACC /* SceneDelegate.swift */,
				C7A17189237804F400464ACC /* ContentView.swift */,
				C7A1718B237804F500464ACC /* Assets.xcassets */,
				C7A17190237804F500464ACC /* LaunchScreen.storyboard */,
				C7A17193237804F500464ACC /* Info.plist */,
				C7A17186237804F400464ACC /* WeSplit.xcdatamodeld */,
				C7A1718D237804F500464ACC /* Preview Content */,
			);
			path = WeSplit;
			sourceTree = "<group>";
		};
		C7A1718D237804F500464ACC /* Preview Content */ = {
			isa = PBXGroup;
			children = (
				C7A1718E237804F500464ACC /* Preview Assets.xcassets */,
			);
			path = "Preview Content";
			sourceTree = "<group>";
		};
		C7A1719B237804F500464ACC /* WeSplitTests */ = {
			isa = PBXGroup;
			children = (
				C7A1719C237804F500464ACC /* WeSplitTests.swift */,
				C7A1719E237804F500464ACC /* Info.plist */,
			);
			path = WeSplitTests;
			sourceTree = "<group>";
		};
		C7A171A6237804F500464ACC /* WeSplitUITests */ = {
			isa = PBXGroup;
			children = (
				C7A171A7237804F500464ACC /* WeSplitUITests.swift */,
				C7A171A9237804F500464ACC /* Info.plist */,
			);
			path = WeSplitUITests;
			sourceTree = "<group>";
		};
/* End PBXGroup section */

/* Begin PBXNativeTarget section */
		C7A1717E237804F400464ACC /* WeSplit */ = {
			isa = PBXNativeTarget;
			buildConfigurationList = C7A171AC237804F500464ACC /* Build configuration list for PBXNativeTarget "WeSplit" */;
			buildPhases = (
				C7A1717B237804F400464ACC /* Sources */,
				C7A1717C237804F400464ACC /* Frameworks */,
				C7A1717D237804F400464ACC /* Resources */,
			);
			buildRules = (
			);
			dependencies = (
			);
			name = WeSplit;
			productName = WeSplit;
			productReference = C7A1717F237804F400464ACC /* WeSplit.app */;
			productType = "com.apple.product-type.application";
		};
		C7A17197237804F500464ACC /* WeSplitTests */ = {
			isa = PBXNativeTarget;
			buildConfigurationList = C7A171AF237804F500464ACC /* Build configuration list for PBXNativeTarget "WeSplitTests" */;
			buildPhases = (
				C7A17194237804F500464ACC /* Sources */,
				C7A17195237804F500464ACC /* Frameworks */,
				C7A17196237804F500464ACC /* Resources */,
			);
			buildRules = (
			);
			dependencies = (
				C7A1719A237804F500464ACC /* PBXTargetDependency */,
			);
			name = WeSplitTests;
			productName = WeSplitTests;
			productReference = C7A17198237804F500464ACC /* WeSplitTests.xctest */;
			productType = "com.apple.product-type.bundle.unit-test";
		};
		C7A171A2237804F500464ACC /* WeSplitUITests */ = {
			isa = PBXNativeTarget;
			buildConfigurationList = C7A171B2237804F500464ACC /* Build configuration list for PBXNativeTarget "WeSplitUITests" */;
			buildPhases = (
				C7A1719F237804F500464ACC /* Sources */,
				C7A171A0237804F500464ACC /* Frameworks */,
				C7A171A1237804F500464ACC /* Resources */,
			);
			buildRules = (
			);
			dependencies = (
				C7A171A5237804F500464ACC /* PBXTargetDependency */,
			);
			name = WeSplitUITests;
			productName = WeSplitUITests;
			productReference = C7A171A3237804F500464ACC /* WeSplitUITests.xctest */;
			productType = "com.apple.product-type.bundle.ui-testing";
		};
/* End PBXNativeTarget section */

/* Begin PBXProject section */
		C7A17177237804F400464ACC /* Project object */ = {
			isa = PBXProject;
			attributes = {
				LastSwiftUpdateCheck = 1110;
				LastUpgradeCheck = 1110;
				ORGANIZATIONNAME = "Yihwan Kim";
				TargetAttributes = {
					C7A1717E237804F400464ACC = {
						CreatedOnToolsVersion = 11.1;
					};
					C7A17197237804F500464ACC = {
						CreatedOnToolsVersion = 11.1;
						TestTargetID = C7A1717E237804F400464ACC;
					};
					C7A171A2237804F500464ACC = {
						CreatedOnToolsVersion = 11.1;
						TestTargetID = C7A1717E237804F400464ACC;
					};
				};
			};
			buildConfigurationList = C7A1717A237804F400464ACC /* Build configuration list for PBXProject "WeSplit" */;
			compatibilityVersion = "Xcode 9.3";
			developmentRegion = en;
			hasScannedForEncodings = 0;
			knownRegions = (
				en,
				Base,
			);
			mainGroup = C7A17176237804F400464ACC;
			productRefGroup = C7A17180237804F400464ACC /* Products */;
			projectDirPath = "";
			projectRoot = "";
			targets = (
				C7A1717E237804F400464ACC /* WeSplit */,
				C7A17197237804F500464ACC /* WeSplitTests */,
				C7A171A2237804F500464ACC /* WeSplitUITests */,
			);
		};
/* End PBXProject section */

/* Begin PBXResourcesBuildPhase section */
		C7A1717D237804F400464ACC /* Resources */ = {
			isa = PBXResourcesBuildPhase;
			buildActionMask = 2147483647;
			files = (
				C7A17192237804F500464ACC /* LaunchScreen.storyboard in Resources */,
				C7A1718F237804F500464ACC /* Preview Assets.xcassets in Resources */,
				C7A1718C237804F500464ACC /* Assets.xcassets in Resources */,
			);
			runOnlyForDeploymentPostprocessing = 0;
		};
		C7A17196237804F500464ACC /* Resources */ = {
			isa = PBXResourcesBuildPhase;
			buildActionMask = 2147483647;
			files = (
			);
			runOnlyForDeploymentPostprocessing = 0;
		};
		C7A171A1237804F500464ACC /* Resources */ = {
			isa = PBXResourcesBuildPhase;
			buildActionMask = 2147483647;
			files = (
			);
			runOnlyForDeploymentPostprocessing = 0;
		};
/* End PBXResourcesBuildPhase section */

/* Begin PBXSourcesBuildPhase section */
		C7A1717B237804F400464ACC /* Sources */ = {
			isa = PBXSourcesBuildPhase;
			buildActionMask = 2147483647;
			files = (
				C7A17183237804F400464ACC /* AppDelegate.swift in Sources */,
				C7A17188237804F400464ACC /* WeSplit.xcdatamodeld in Sources */,
				C7A1718A237804F400464ACC /* ContentView.swift in Sources */,
				C7A17185237804F400464ACC /* SceneDelegate.swift in Sources */,
			);
			runOnlyForDeploymentPostprocessing = 0;
		};
		C7A17194237804F500464ACC /* Sources */ = {
			isa = PBXSourcesBuildPhase;
			buildActionMask = 2147483647;
			files = (
				C7A1719D237804F500464ACC /* WeSplitTests.swift in Sources */,
			);
			runOnlyForDeploymentPostprocessing = 0;
		};
		C7A1719F237804F500464ACC /* Sources */ = {
			isa = PBXSourcesBuildPhase;
			buildActionMask = 2147483647;
			files = (
				C7A171A8237804F500464ACC /* WeSplitUITests.swift in Sources */,
			);
			runOnlyForDeploymentPostprocessing = 0;
		};
/* End PBXSourcesBuildPhase section */

/* Begin PBXTargetDependency section */
		C7A1719A237804F500464ACC /* PBXTargetDependency */ = {
			isa = PBXTargetDependency;
			target = C7A1717E237804F400464ACC /* WeSplit */;
			targetProxy = C7A17199237804F500464ACC /* PBXContainerItemProxy */;
		};
		C7A171A5237804F500464ACC /* PBXTargetDependency */ = {
			isa = PBXTargetDependency;
			target = C7A1717E237804F400464ACC /* WeSplit */;
			targetProxy = C7A171A4237804F500464ACC /* PBXContainerItemProxy */;
		};
/* End PBXTargetDependency section */

/* Begin PBXVariantGroup section */
		C7A17190237804F500464ACC /* LaunchScreen.storyboard */ = {
			isa = PBXVariantGroup;
			children = (
				C7A17191237804F500464ACC /* Base */,
			);
			name = LaunchScreen.storyboard;
			sourceTree = "<group>";
		};
/* End PBXVariantGroup section */

/* Begin XCBuildConfiguration section */
		C7A171AA237804F500464ACC /* Debug */ = {
			isa = XCBuildConfiguration;
			buildSettings = {
				ALWAYS_SEARCH_USER_PATHS = NO;
				CLANG_ANALYZER_NONNULL = YES;
				CLANG_ANALYZER_NUMBER_OBJECT_CONVERSION = YES_AGGRESSIVE;
				CLANG_CXX_LANGUAGE_STANDARD = "gnu++14";
				CLANG_CXX_LIBRARY = "libc++";
				CLANG_ENABLE_MODULES = YES;
				CLANG_ENABLE_OBJC_ARC = YES;
				CLANG_ENABLE_OBJC_WEAK = YES;
				CLANG_WARN_BLOCK_CAPTURE_AUTORELEASING = YES;
				CLANG_WARN_BOOL_CONVERSION = YES;
				CLANG_WARN_COMMA = YES;
				CLANG_WARN_CONSTANT_CONVERSION = YES;
				CLANG_WARN_DEPRECATED_OBJC_IMPLEMENTATIONS = YES;
				CLANG_WARN_DIRECT_OBJC_ISA_USAGE = YES_ERROR;
				CLANG_WARN_DOCUMENTATION_COMMENTS = YES;
				CLANG_WARN_EMPTY_BODY = YES;
				CLANG_WARN_ENUM_CONVERSION = YES;
				CLANG_WARN_INFINITE_RECURSION = YES;
				CLANG_WARN_INT_CONVERSION = YES;
				CLANG_WARN_NON_LITERAL_NULL_CONVERSION = YES;
				CLANG_WARN_OBJC_IMPLICIT_RETAIN_SELF = YES;
				CLANG_WARN_OBJC_LITERAL_CONVERSION = YES;
				CLANG_WARN_OBJC_ROOT_CLASS = YES_ERROR;
				CLANG_WARN_RANGE_LOOP_ANALYSIS = YES;
				CLANG_WARN_STRICT_PROTOTYPES = YES;
				CLANG_WARN_SUSPICIOUS_MOVE = YES;
				CLANG_WARN_UNGUARDED_AVAILABILITY = YES_AGGRESSIVE;
				CLANG_WARN_UNREACHABLE_CODE = YES;
				CLANG_WARN__DUPLICATE_METHOD_MATCH = YES;
				COPY_PHASE_STRIP = NO;
				DEBUG_INFORMATION_FORMAT = dwarf;
				ENABLE_STRICT_OBJC_MSGSEND = YES;
				ENABLE_TESTABILITY = YES;
				GCC_C_LANGUAGE_STANDARD = gnu11;
				GCC_DYNAMIC_NO_PIC = NO;
				GCC_NO_COMMON_BLOCKS = YES;
				GCC_OPTIMIZATION_LEVEL = 0;
				GCC_PREPROCESSOR_DEFINITIONS = (
					"DEBUG=1",
					"$(inherited)",
				);
				GCC_WARN_64_TO_32_BIT_CONVERSION = YES;
				GCC_WARN_ABOUT_RETURN_TYPE = YES_ERROR;
				GCC_WARN_UNDECLARED_SELECTOR = YES;
				GCC_WARN_UNINITIALIZED_AUTOS = YES_AGGRESSIVE;
				GCC_WARN_UNUSED_FUNCTION = YES;
				GCC_WARN_UNUSED_VARIABLE = YES;
				IPHONEOS_DEPLOYMENT_TARGET = 13.1;
				MTL_ENABLE_DEBUG_INFO = INCLUDE_SOURCE;
				MTL_FAST_MATH = YES;
				ONLY_ACTIVE_ARCH = YES;
				SDKROOT = iphoneos;
				SWIFT_ACTIVE_COMPILATION_CONDITIONS = DEBUG;
				SWIFT_OPTIMIZATION_LEVEL = "-Onone";
			};
			name = Debug;
		};
		C7A171AB237804F500464ACC /* Release */ = {
			isa = XCBuildConfiguration;
			buildSettings = {
				ALWAYS_SEARCH_USER_PATHS = NO;
				CLANG_ANALYZER_NONNULL = YES;
				CLANG_ANALYZER_NUMBER_OBJECT_CONVERSION = YES_AGGRESSIVE;
				CLANG_CXX_LANGUAGE_STANDARD = "gnu++14";
				CLANG_CXX_LIBRARY = "libc++";
				CLANG_ENABLE_MODULES = YES;
				CLANG_ENABLE_OBJC_ARC = YES;
				CLANG_ENABLE_OBJC_WEAK = YES;
				CLANG_WARN_BLOCK_CAPTURE_AUTORELEASING = YES;
				CLANG_WARN_BOOL_CONVERSION = YES;
				CLANG_WARN_COMMA = YES;
				CLANG_WARN_CONSTANT_CONVERSION = YES;
				CLANG_WARN_DEPRECATED_OBJC_IMPLEMENTATIONS = YES;
				CLANG_WARN_DIRECT_OBJC_ISA_USAGE = YES_ERROR;
				CLANG_WARN_DOCUMENTATION_COMMENTS = YES;
				CLANG_WARN_EMPTY_BODY = YES;
				CLANG_WARN_ENUM_CONVERSION = YES;
				CLANG_WARN_INFINITE_RECURSION = YES;
				CLANG_WARN_INT_CONVERSION = YES;
				CLANG_WARN_NON_LITERAL_NULL_CONVERSION = YES;
				CLANG_WARN_OBJC_IMPLICIT_RETAIN_SELF = YES;
				CLANG_WARN_OBJC_LITERAL_CONVERSION = YES;
				CLANG_WARN_OBJC_ROOT_CLASS = YES_ERROR;
				CLANG_WARN_RANGE_LOOP_ANALYSIS = YES;
				CLANG_WARN_STRICT_PROTOTYPES = YES;
				CLANG_WARN_SUSPICIOUS_MOVE = YES;
				CLANG_WARN_UNGUARDED_AVAILABILITY = YES_AGGRESSIVE;
				CLANG_WARN_UNREACHABLE_CODE = YES;
				CLANG_WARN__DUPLICATE_METHOD_MATCH = YES;
				COPY_PHASE_STRIP = NO;
				DEBUG_INFORMATION_FORMAT = "dwarf-with-dsym";
				ENABLE_NS_ASSERTIONS = NO;
				ENABLE_STRICT_OBJC_MSGSEND = YES;
				GCC_C_LANGUAGE_STANDARD = gnu11;
				GCC_NO_COMMON_BLOCKS = YES;
				GCC_WARN_64_TO_32_BIT_CONVERSION = YES;
				GCC_WARN_ABOUT_RETURN_TYPE = YES_ERROR;
				GCC_WARN_UNDECLARED_SELECTOR = YES;
				GCC_WARN_UNINITIALIZED_AUTOS = YES_AGGRESSIVE;
				GCC_WARN_UNUSED_FUNCTION = YES;
				GCC_WARN_UNUSED_VARIABLE = YES;
				IPHONEOS_DEPLOYMENT_TARGET = 13.1;
				MTL_ENABLE_DEBUG_INFO = NO;
				MTL_FAST_MATH = YES;
				SDKROOT = iphoneos;
				SWIFT_COMPILATION_MODE = wholemodule;
				SWIFT_OPTIMIZATION_LEVEL = "-O";
				VALIDATE_PRODUCT = YES;
			};
			name = Release;
		};
		C7A171AD237804F500464ACC /* Debug */ = {
			isa = XCBuildConfiguration;
			buildSettings = {
				ASSETCATALOG_COMPILER_APPICON_NAME = AppIcon;
				CODE_SIGN_STYLE = Automatic;
				DEVELOPMENT_ASSET_PATHS = "\"WeSplit/Preview Content\"";
				ENABLE_PREVIEWS = YES;
				INFOPLIST_FILE = WeSplit/Info.plist;
				LD_RUNPATH_SEARCH_PATHS = (
					"$(inherited)",
					"@executable_path/Frameworks",
				);
				PRODUCT_BUNDLE_IDENTIFIER = kim.yihwan.WeSplit;
				PRODUCT_NAME = "$(TARGET_NAME)";
				SWIFT_VERSION = 5.0;
				TARGETED_DEVICE_FAMILY = "1,2";
			};
			name = Debug;
		};
		C7A171AE237804F500464ACC /* Release */ = {
			isa = XCBuildConfiguration;
			buildSettings = {
				ASSETCATALOG_COMPILER_APPICON_NAME = AppIcon;
				CODE_SIGN_STYLE = Automatic;
				DEVELOPMENT_ASSET_PATHS = "\"WeSplit/Preview Content\"";
				ENABLE_PREVIEWS = YES;
				INFOPLIST_FILE = WeSplit/Info.plist;
				LD_RUNPATH_SEARCH_PATHS = (
					"$(inherited)",
					"@executable_path/Frameworks",
				);
				PRODUCT_BUNDLE_IDENTIFIER = kim.yihwan.WeSplit;
				PRODUCT_NAME = "$(TARGET_NAME)";
				SWIFT_VERSION = 5.0;
				TARGETED_DEVICE_FAMILY = "1,2";
			};
			name = Release;
		};
		C7A171B0237804F500464ACC /* Debug */ = {
			isa = XCBuildConfiguration;
			buildSettings = {
				ALWAYS_EMBED_SWIFT_STANDARD_LIBRARIES = YES;
				BUNDLE_LOADER = "$(TEST_HOST)";
				CODE_SIGN_STYLE = Automatic;
				INFOPLIST_FILE = WeSplitTests/Info.plist;
				IPHONEOS_DEPLOYMENT_TARGET = 13.1;
				LD_RUNPATH_SEARCH_PATHS = (
					"$(inherited)",
					"@executable_path/Frameworks",
					"@loader_path/Frameworks",
				);
				PRODUCT_BUNDLE_IDENTIFIER = kim.yihwan.WeSplitTests;
				PRODUCT_NAME = "$(TARGET_NAME)";
				SWIFT_VERSION = 5.0;
				TARGETED_DEVICE_FAMILY = "1,2";
				TEST_HOST = "$(BUILT_PRODUCTS_DIR)/WeSplit.app/WeSplit";
			};
			name = Debug;
		};
		C7A171B1237804F500464ACC /* Release */ = {
			isa = XCBuildConfiguration;
			buildSettings = {
				ALWAYS_EMBED_SWIFT_STANDARD_LIBRARIES = YES;
				BUNDLE_LOADER = "$(TEST_HOST)";
				CODE_SIGN_STYLE = Automatic;
				INFOPLIST_FILE = WeSplitTests/Info.plist;
				IPHONEOS_DEPLOYMENT_TARGET = 13.1;
				LD_RUNPATH_SEARCH_PATHS = (
					"$(inherited)",
					"@executable_path/Frameworks",
					"@loader_path/Frameworks",
				);
				PRODUCT_BUNDLE_IDENTIFIER = kim.yihwan.WeSplitTests;
				PRODUCT_NAME = "$(TARGET_NAME)";
				SWIFT_VERSION = 5.0;
				TARGETED_DEVICE_FAMILY = "1,2";
				TEST_HOST = "$(BUILT_PRODUCTS_DIR)/WeSplit.app/WeSplit";
			};
			name = Release;
		};
		C7A171B3237804F500464ACC /* Debug */ = {
			isa = XCBuildConfiguration;
			buildSettings = {
				ALWAYS_EMBED_SWIFT_STANDARD_LIBRARIES = YES;
				CODE_SIGN_STYLE = Automatic;
				INFOPLIST_FILE = WeSplitUITests/Info.plist;
				LD_RUNPATH_SEARCH_PATHS = (
					"$(inherited)",
					"@executable_path/Frameworks",
					"@loader_path/Frameworks",
				);
				PRODUCT_BUNDLE_IDENTIFIER = kim.yihwan.WeSplitUITests;
				PRODUCT_NAME = "$(TARGET_NAME)";
				SWIFT_VERSION = 5.0;
				TARGETED_DEVICE_FAMILY = "1,2";
				TEST_TARGET_NAME = WeSplit;
			};
			name = Debug;
		};
		C7A171B4237804F500464ACC /* Release */ = {
			isa = XCBuildConfiguration;
			buildSettings = {
				ALWAYS_EMBED_SWIFT_STANDARD_LIBRARIES = YES;
				CODE_SIGN_STYLE = Automatic;
				INFOPLIST_FILE = WeSplitUITests/Info.plist;
				LD_RUNPATH_SEARCH_PATHS = (
					"$(inherited)",
					"@executable_path/Frameworks",
					"@loader_path/Frameworks",
				);
				PRODUCT_BUNDLE_IDENTIFIER = kim.yihwan.WeSplitUITests;
				PRODUCT_NAME = "$(TARGET_NAME)";
				SWIFT_VERSION = 5.0;
				TARGETED_DEVICE_FAMILY = "1,2";
				TEST_TARGET_NAME = WeSplit;
			};
			name = Release;
		};
/* End XCBuildConfiguration section */

/* Begin XCConfigurationList section */
		C7A1717A237804F400464ACC /* Build configuration list for PBXProject "WeSplit" */ = {
			isa = XCConfigurationList;
			buildConfigurations = (
				C7A171AA237804F500464ACC /* Debug */,
				C7A171AB237804F500464ACC /* Release */,
			);
			defaultConfigurationIsVisible = 0;
			defaultConfigurationName = Release;
		};
		C7A171AC237804F500464ACC /* Build configuration list for PBXNativeTarget "WeSplit" */ = {
			isa = XCConfigurationList;
			buildConfigurations = (
				C7A171AD237804F500464ACC /* Debug */,
				C7A171AE237804F500464ACC /* Release */,
			);
			defaultConfigurationIsVisible = 0;
			defaultConfigurationName = Release;
		};
		C7A171AF237804F500464ACC /* Build configuration list for PBXNativeTarget "WeSplitTests" */ = {
			isa = XCConfigurationList;
			buildConfigurations = (
				C7A171B0237804F500464ACC /* Debug */,
				C7A171B1237804F500464ACC /* Release */,
			);
			defaultConfigurationIsVisible = 0;
			defaultConfigurationName = Release;
		};
		C7A171B2237804F500464ACC /* Build configuration list for PBXNativeTarget "WeSplitUITests" */ = {
			isa = XCConfigurationList;
			buildConfigurations = (
				C7A171B3237804F500464ACC /* Debug */,
				C7A171B4237804F500464ACC /* Release */,
			);
			defaultConfigurationIsVisible = 0;
			defaultConfigurationName = Release;
		};
/* End XCConfigurationList section */

/* Begin XCVersionGroup section */
		C7A17186237804F400464ACC /* WeSplit.xcdatamodeld */ = {
			isa = XCVersionGroup;
			children = (
				C7A17187237804F400464ACC /* WeSplit.xcdatamodel */,
			);
			currentVersion = C7A17187237804F400464ACC /* WeSplit.xcdatamodel */;
			path = WeSplit.xcdatamodeld;
			sourceTree = "<group>";
			versionGroupType = wrapper.xcdatamodel;
		};
/* End XCVersionGroup section */
	};
	rootObject = C7A17177237804F400464ACC /* Project object */;
}
