// !$*UTF8*$!
{
	archiveVersion = 1;
	classes = {
	};
	objectVersion = 50;
	objects = {

/* Begin PBXBuildFile section */
		DAC0A0FB2389F94000C69898 /* AppDelegate.swift in Sources */ = {isa = PBXBuildFile; fileRef = DAC0A0FA2389F94000C69898 /* AppDelegate.swift */; };
		DAC0A0FD2389F94000C69898 /* SceneDelegate.swift in Sources */ = {isa = PBXBuildFile; fileRef = DAC0A0FC2389F94000C69898 /* SceneDelegate.swift */; };
		DAC0A0FF2389F94000C69898 /* ContentView.swift in Sources */ = {isa = PBXBuildFile; fileRef = DAC0A0FE2389F94000C69898 /* ContentView.swift */; };
		DAC0A1012389F94000C69898 /* Assets.xcassets in Resources */ = {isa = PBXBuildFile; fileRef = DAC0A1002389F94000C69898 /* Assets.xcassets */; };
		DAC0A1042389F94000C69898 /* Preview Assets.xcassets in Resources */ = {isa = PBXBuildFile; fileRef = DAC0A1032389F94000C69898 /* Preview Assets.xcassets */; };
		DAC0A1072389F94000C69898 /* LaunchScreen.storyboard in Resources */ = {isa = PBXBuildFile; fileRef = DAC0A1052389F94000C69898 /* LaunchScreen.storyboard */; };
		DAC0A1122389F94000C69898 /* CupcakeCornerTests.swift in Sources */ = {isa = PBXBuildFile; fileRef = DAC0A1112389F94000C69898 /* CupcakeCornerTests.swift */; };
		DAC0A11D2389F94000C69898 /* CupcakeCornerUITests.swift in Sources */ = {isa = PBXBuildFile; fileRef = DAC0A11C2389F94000C69898 /* CupcakeCornerUITests.swift */; };
		DAC0A12B238A28C600C69898 /* Order.swift in Sources */ = {isa = PBXBuildFile; fileRef = DAC0A12A238A28C600C69898 /* Order.swift */; };
		DAC0A12D238A30F100C69898 /* AddressView.swift in Sources */ = {isa = PBXBuildFile; fileRef = DAC0A12C238A30F100C69898 /* AddressView.swift */; };
		DAC0A12F238B009200C69898 /* CheckoutView.swift in Sources */ = {isa = PBXBuildFile; fileRef = DAC0A12E238B009200C69898 /* CheckoutView.swift */; };
/* End PBXBuildFile section */

/* Begin PBXContainerItemProxy section */
		DAC0A10E2389F94000C69898 /* PBXContainerItemProxy */ = {
			isa = PBXContainerItemProxy;
			containerPortal = DAC0A0EF2389F94000C69898 /* Project object */;
			proxyType = 1;
			remoteGlobalIDString = DAC0A0F62389F94000C69898;
			remoteInfo = CupcakeCorner;
		};
		DAC0A1192389F94000C69898 /* PBXContainerItemProxy */ = {
			isa = PBXContainerItemProxy;
			containerPortal = DAC0A0EF2389F94000C69898 /* Project object */;
			proxyType = 1;
			remoteGlobalIDString = DAC0A0F62389F94000C69898;
			remoteInfo = CupcakeCorner;
		};
/* End PBXContainerItemProxy section */

/* Begin PBXFileReference section */
		DAC0A0F72389F94000C69898 /* CupcakeCorner.app */ = {isa = PBXFileReference; explicitFileType = wrapper.application; includeInIndex = 0; path = CupcakeCorner.app; sourceTree = BUILT_PRODUCTS_DIR; };
		DAC0A0FA2389F94000C69898 /* AppDelegate.swift */ = {isa = PBXFileReference; lastKnownFileType = sourcecode.swift; path = AppDelegate.swift; sourceTree = "<group>"; };
		DAC0A0FC2389F94000C69898 /* SceneDelegate.swift */ = {isa = PBXFileReference; lastKnownFileType = sourcecode.swift; path = SceneDelegate.swift; sourceTree = "<group>"; };
		DAC0A0FE2389F94000C69898 /* ContentView.swift */ = {isa = PBXFileReference; lastKnownFileType = sourcecode.swift; path = ContentView.swift; sourceTree = "<group>"; };
		DAC0A1002389F94000C69898 /* Assets.xcassets */ = {isa = PBXFileReference; lastKnownFileType = folder.assetcatalog; path = Assets.xcassets; sourceTree = "<group>"; };
		DAC0A1032389F94000C69898 /* Preview Assets.xcassets */ = {isa = PBXFileReference; lastKnownFileType = folder.assetcatalog; path = "Preview Assets.xcassets"; sourceTree = "<group>"; };
		DAC0A1062389F94000C69898 /* Base */ = {isa = PBXFileReference; lastKnownFileType = file.storyboard; name = Base; path = Base.lproj/LaunchScreen.storyboard; sourceTree = "<group>"; };
		DAC0A1082389F94000C69898 /* Info.plist */ = {isa = PBXFileReference; lastKnownFileType = text.plist.xml; path = Info.plist; sourceTree = "<group>"; };
		DAC0A10D2389F94000C69898 /* CupcakeCornerTests.xctest */ = {isa = PBXFileReference; explicitFileType = wrapper.cfbundle; includeInIndex = 0; path = CupcakeCornerTests.xctest; sourceTree = BUILT_PRODUCTS_DIR; };
		DAC0A1112389F94000C69898 /* CupcakeCornerTests.swift */ = {isa = PBXFileReference; lastKnownFileType = sourcecode.swift; path = CupcakeCornerTests.swift; sourceTree = "<group>"; };
		DAC0A1132389F94000C69898 /* Info.plist */ = {isa = PBXFileReference; lastKnownFileType = text.plist.xml; path = Info.plist; sourceTree = "<group>"; };
		DAC0A1182389F94000C69898 /* CupcakeCornerUITests.xctest */ = {isa = PBXFileReference; explicitFileType = wrapper.cfbundle; includeInIndex = 0; path = CupcakeCornerUITests.xctest; sourceTree = BUILT_PRODUCTS_DIR; };
		DAC0A11C2389F94000C69898 /* CupcakeCornerUITests.swift */ = {isa = PBXFileReference; lastKnownFileType = sourcecode.swift; path = CupcakeCornerUITests.swift; sourceTree = "<group>"; };
		DAC0A11E2389F94000C69898 /* Info.plist */ = {isa = PBXFileReference; lastKnownFileType = text.plist.xml; path = Info.plist; sourceTree = "<group>"; };
		DAC0A12A238A28C600C69898 /* Order.swift */ = {isa = PBXFileReference; lastKnownFileType = sourcecode.swift; path = Order.swift; sourceTree = "<group>"; };
		DAC0A12C238A30F100C69898 /* AddressView.swift */ = {isa = PBXFileReference; lastKnownFileType = sourcecode.swift; path = AddressView.swift; sourceTree = "<group>"; };
		DAC0A12E238B009200C69898 /* CheckoutView.swift */ = {isa = PBXFileReference; lastKnownFileType = sourcecode.swift; path = CheckoutView.swift; sourceTree = "<group>"; };
/* End PBXFileReference section */

/* Begin PBXFrameworksBuildPhase section */
		DAC0A0F42389F94000C69898 /* Frameworks */ = {
			isa = PBXFrameworksBuildPhase;
			buildActionMask = 2147483647;
			files = (
			);
			runOnlyForDeploymentPostprocessing = 0;
		};
		DAC0A10A2389F94000C69898 /* Frameworks */ = {
			isa = PBXFrameworksBuildPhase;
			buildActionMask = 2147483647;
			files = (
			);
			runOnlyForDeploymentPostprocessing = 0;
		};
		DAC0A1152389F94000C69898 /* Frameworks */ = {
			isa = PBXFrameworksBuildPhase;
			buildActionMask = 2147483647;
			files = (
			);
			runOnlyForDeploymentPostprocessing = 0;
		};
/* End PBXFrameworksBuildPhase section */

/* Begin PBXGroup section */
		DAC0A0EE2389F94000C69898 = {
			isa = PBXGroup;
			children = (
				DAC0A0F92389F94000C69898 /* CupcakeCorner */,
				DAC0A1102389F94000C69898 /* CupcakeCornerTests */,
				DAC0A11B2389F94000C69898 /* CupcakeCornerUITests */,
				DAC0A0F82389F94000C69898 /* Products */,
			);
			sourceTree = "<group>";
		};
		DAC0A0F82389F94000C69898 /* Products */ = {
			isa = PBXGroup;
			children = (
				DAC0A0F72389F94000C69898 /* CupcakeCorner.app */,
				DAC0A10D2389F94000C69898 /* CupcakeCornerTests.xctest */,
				DAC0A1182389F94000C69898 /* CupcakeCornerUITests.xctest */,
			);
			name = Products;
			sourceTree = "<group>";
		};
		DAC0A0F92389F94000C69898 /* CupcakeCorner */ = {
			isa = PBXGroup;
			children = (
				DAC0A0FA2389F94000C69898 /* AppDelegate.swift */,
				DAC0A0FC2389F94000C69898 /* SceneDelegate.swift */,
				DAC0A0FE2389F94000C69898 /* ContentView.swift */,
				DAC0A12C238A30F100C69898 /* AddressView.swift */,
				DAC0A12E238B009200C69898 /* CheckoutView.swift */,
				DAC0A12A238A28C600C69898 /* Order.swift */,
				DAC0A1002389F94000C69898 /* Assets.xcassets */,
				DAC0A1052389F94000C69898 /* LaunchScreen.storyboard */,
				DAC0A1082389F94000C69898 /* Info.plist */,
				DAC0A1022389F94000C69898 /* Preview Content */,
			);
			path = CupcakeCorner;
			sourceTree = "<group>";
		};
		DAC0A1022389F94000C69898 /* Preview Content */ = {
			isa = PBXGroup;
			children = (
				DAC0A1032389F94000C69898 /* Preview Assets.xcassets */,
			);
			path = "Preview Content";
			sourceTree = "<group>";
		};
		DAC0A1102389F94000C69898 /* CupcakeCornerTests */ = {
			isa = PBXGroup;
			children = (
				DAC0A1112389F94000C69898 /* CupcakeCornerTests.swift */,
				DAC0A1132389F94000C69898 /* Info.plist */,
			);
			path = CupcakeCornerTests;
			sourceTree = "<group>";
		};
		DAC0A11B2389F94000C69898 /* CupcakeCornerUITests */ = {
			isa = PBXGroup;
			children = (
				DAC0A11C2389F94000C69898 /* CupcakeCornerUITests.swift */,
				DAC0A11E2389F94000C69898 /* Info.plist */,
			);
			path = CupcakeCornerUITests;
			sourceTree = "<group>";
		};
/* End PBXGroup section */

/* Begin PBXNativeTarget section */
		DAC0A0F62389F94000C69898 /* CupcakeCorner */ = {
			isa = PBXNativeTarget;
			buildConfigurationList = DAC0A1212389F94000C69898 /* Build configuration list for PBXNativeTarget "CupcakeCorner" */;
			buildPhases = (
				DAC0A0F32389F94000C69898 /* Sources */,
				DAC0A0F42389F94000C69898 /* Frameworks */,
				DAC0A0F52389F94000C69898 /* Resources */,
			);
			buildRules = (
			);
			dependencies = (
			);
			name = CupcakeCorner;
			productName = CupcakeCorner;
			productReference = DAC0A0F72389F94000C69898 /* CupcakeCorner.app */;
			productType = "com.apple.product-type.application";
		};
		DAC0A10C2389F94000C69898 /* CupcakeCornerTests */ = {
			isa = PBXNativeTarget;
			buildConfigurationList = DAC0A1242389F94000C69898 /* Build configuration list for PBXNativeTarget "CupcakeCornerTests" */;
			buildPhases = (
				DAC0A1092389F94000C69898 /* Sources */,
				DAC0A10A2389F94000C69898 /* Frameworks */,
				DAC0A10B2389F94000C69898 /* Resources */,
			);
			buildRules = (
			);
			dependencies = (
				DAC0A10F2389F94000C69898 /* PBXTargetDependency */,
			);
			name = CupcakeCornerTests;
			productName = CupcakeCornerTests;
			productReference = DAC0A10D2389F94000C69898 /* CupcakeCornerTests.xctest */;
			productType = "com.apple.product-type.bundle.unit-test";
		};
		DAC0A1172389F94000C69898 /* CupcakeCornerUITests */ = {
			isa = PBXNativeTarget;
			buildConfigurationList = DAC0A1272389F94000C69898 /* Build configuration list for PBXNativeTarget "CupcakeCornerUITests" */;
			buildPhases = (
				DAC0A1142389F94000C69898 /* Sources */,
				DAC0A1152389F94000C69898 /* Frameworks */,
				DAC0A1162389F94000C69898 /* Resources */,
			);
			buildRules = (
			);
			dependencies = (
				DAC0A11A2389F94000C69898 /* PBXTargetDependency */,
			);
			name = CupcakeCornerUITests;
			productName = CupcakeCornerUITests;
			productReference = DAC0A1182389F94000C69898 /* CupcakeCornerUITests.xctest */;
			productType = "com.apple.product-type.bundle.ui-testing";
		};
/* End PBXNativeTarget section */

/* Begin PBXProject section */
		DAC0A0EF2389F94000C69898 /* Project object */ = {
			isa = PBXProject;
			attributes = {
				LastSwiftUpdateCheck = 1120;
				LastUpgradeCheck = 1120;
				ORGANIZATIONNAME = "Yihwan Kim";
				TargetAttributes = {
					DAC0A0F62389F94000C69898 = {
						CreatedOnToolsVersion = 11.2.1;
					};
					DAC0A10C2389F94000C69898 = {
						CreatedOnToolsVersion = 11.2.1;
						TestTargetID = DAC0A0F62389F94000C69898;
					};
					DAC0A1172389F94000C69898 = {
						CreatedOnToolsVersion = 11.2.1;
						TestTargetID = DAC0A0F62389F94000C69898;
					};
				};
			};
			buildConfigurationList = DAC0A0F22389F94000C69898 /* Build configuration list for PBXProject "CupcakeCorner" */;
			compatibilityVersion = "Xcode 9.3";
			developmentRegion = en;
			hasScannedForEncodings = 0;
			knownRegions = (
				en,
				Base,
			);
			mainGroup = DAC0A0EE2389F94000C69898;
			productRefGroup = DAC0A0F82389F94000C69898 /* Products */;
			projectDirPath = "";
			projectRoot = "";
			targets = (
				DAC0A0F62389F94000C69898 /* CupcakeCorner */,
				DAC0A10C2389F94000C69898 /* CupcakeCornerTests */,
				DAC0A1172389F94000C69898 /* CupcakeCornerUITests */,
			);
		};
/* End PBXProject section */

/* Begin PBXResourcesBuildPhase section */
		DAC0A0F52389F94000C69898 /* Resources */ = {
			isa = PBXResourcesBuildPhase;
			buildActionMask = 2147483647;
			files = (
				DAC0A1072389F94000C69898 /* LaunchScreen.storyboard in Resources */,
				DAC0A1042389F94000C69898 /* Preview Assets.xcassets in Resources */,
				DAC0A1012389F94000C69898 /* Assets.xcassets in Resources */,
			);
			runOnlyForDeploymentPostprocessing = 0;
		};
		DAC0A10B2389F94000C69898 /* Resources */ = {
			isa = PBXResourcesBuildPhase;
			buildActionMask = 2147483647;
			files = (
			);
			runOnlyForDeploymentPostprocessing = 0;
		};
		DAC0A1162389F94000C69898 /* Resources */ = {
			isa = PBXResourcesBuildPhase;
			buildActionMask = 2147483647;
			files = (
			);
			runOnlyForDeploymentPostprocessing = 0;
		};
/* End PBXResourcesBuildPhase section */

/* Begin PBXSourcesBuildPhase section */
		DAC0A0F32389F94000C69898 /* Sources */ = {
			isa = PBXSourcesBuildPhase;
			buildActionMask = 2147483647;
			files = (
				DAC0A0FB2389F94000C69898 /* AppDelegate.swift in Sources */,
				DAC0A0FD2389F94000C69898 /* SceneDelegate.swift in Sources */,
				DAC0A12F238B009200C69898 /* CheckoutView.swift in Sources */,
				DAC0A12B238A28C600C69898 /* Order.swift in Sources */,
				DAC0A0FF2389F94000C69898 /* ContentView.swift in Sources */,
				DAC0A12D238A30F100C69898 /* AddressView.swift in Sources */,
			);
			runOnlyForDeploymentPostprocessing = 0;
		};
		DAC0A1092389F94000C69898 /* Sources */ = {
			isa = PBXSourcesBuildPhase;
			buildActionMask = 2147483647;
			files = (
				DAC0A1122389F94000C69898 /* CupcakeCornerTests.swift in Sources */,
			);
			runOnlyForDeploymentPostprocessing = 0;
		};
		DAC0A1142389F94000C69898 /* Sources */ = {
			isa = PBXSourcesBuildPhase;
			buildActionMask = 2147483647;
			files = (
				DAC0A11D2389F94000C69898 /* CupcakeCornerUITests.swift in Sources */,
			);
			runOnlyForDeploymentPostprocessing = 0;
		};
/* End PBXSourcesBuildPhase section */

/* Begin PBXTargetDependency section */
		DAC0A10F2389F94000C69898 /* PBXTargetDependency */ = {
			isa = PBXTargetDependency;
			target = DAC0A0F62389F94000C69898 /* CupcakeCorner */;
			targetProxy = DAC0A10E2389F94000C69898 /* PBXContainerItemProxy */;
		};
		DAC0A11A2389F94000C69898 /* PBXTargetDependency */ = {
			isa = PBXTargetDependency;
			target = DAC0A0F62389F94000C69898 /* CupcakeCorner */;
			targetProxy = DAC0A1192389F94000C69898 /* PBXContainerItemProxy */;
		};
/* End PBXTargetDependency section */

/* Begin PBXVariantGroup section */
		DAC0A1052389F94000C69898 /* LaunchScreen.storyboard */ = {
			isa = PBXVariantGroup;
			children = (
				DAC0A1062389F94000C69898 /* Base */,
			);
			name = LaunchScreen.storyboard;
			sourceTree = "<group>";
		};
/* End PBXVariantGroup section */

/* Begin XCBuildConfiguration section */
		DAC0A11F2389F94000C69898 /* Debug */ = {
			isa = XCBuildConfiguration;
			buildSettings = {
				ALWAYS_SEARCH_USER_PATHS = NO;
				CLANG_ANALYZER_NONNULL = YES;
				CLANG_ANALYZER_NUMBER_OBJECT_CONVERSION = YES_AGGRESSIVE;
				CLANG_CXX_LANGUAGE_STANDARD = "gnu++14";
				CLANG_CXX_LIBRARY = "libc++";
				CLANG_ENABLE_MODULES = YES;
				CLANG_ENABLE_OBJC_ARC = YES;
				CLANG_ENABLE_OBJC_WEAK = YES;
				CLANG_WARN_BLOCK_CAPTURE_AUTORELEASING = YES;
				CLANG_WARN_BOOL_CONVERSION = YES;
				CLANG_WARN_COMMA = YES;
				CLANG_WARN_CONSTANT_CONVERSION = YES;
				CLANG_WARN_DEPRECATED_OBJC_IMPLEMENTATIONS = YES;
				CLANG_WARN_DIRECT_OBJC_ISA_USAGE = YES_ERROR;
				CLANG_WARN_DOCUMENTATION_COMMENTS = YES;
				CLANG_WARN_EMPTY_BODY = YES;
				CLANG_WARN_ENUM_CONVERSION = YES;
				CLANG_WARN_INFINITE_RECURSION = YES;
				CLANG_WARN_INT_CONVERSION = YES;
				CLANG_WARN_NON_LITERAL_NULL_CONVERSION = YES;
				CLANG_WARN_OBJC_IMPLICIT_RETAIN_SELF = YES;
				CLANG_WARN_OBJC_LITERAL_CONVERSION = YES;
				CLANG_WARN_OBJC_ROOT_CLASS = YES_ERROR;
				CLANG_WARN_RANGE_LOOP_ANALYSIS = YES;
				CLANG_WARN_STRICT_PROTOTYPES = YES;
				CLANG_WARN_SUSPICIOUS_MOVE = YES;
				CLANG_WARN_UNGUARDED_AVAILABILITY = YES_AGGRESSIVE;
				CLANG_WARN_UNREACHABLE_CODE = YES;
				CLANG_WARN__DUPLICATE_METHOD_MATCH = YES;
				COPY_PHASE_STRIP = NO;
				DEBUG_INFORMATION_FORMAT = dwarf;
				ENABLE_STRICT_OBJC_MSGSEND = YES;
				ENABLE_TESTABILITY = YES;
				GCC_C_LANGUAGE_STANDARD = gnu11;
				GCC_DYNAMIC_NO_PIC = NO;
				GCC_NO_COMMON_BLOCKS = YES;
				GCC_OPTIMIZATION_LEVEL = 0;
				GCC_PREPROCESSOR_DEFINITIONS = (
					"DEBUG=1",
					"$(inherited)",
				);
				GCC_WARN_64_TO_32_BIT_CONVERSION = YES;
				GCC_WARN_ABOUT_RETURN_TYPE = YES_ERROR;
				GCC_WARN_UNDECLARED_SELECTOR = YES;
				GCC_WARN_UNINITIALIZED_AUTOS = YES_AGGRESSIVE;
				GCC_WARN_UNUSED_FUNCTION = YES;
				GCC_WARN_UNUSED_VARIABLE = YES;
				IPHONEOS_DEPLOYMENT_TARGET = 13.2;
				MTL_ENABLE_DEBUG_INFO = INCLUDE_SOURCE;
				MTL_FAST_MATH = YES;
				ONLY_ACTIVE_ARCH = YES;
				SDKROOT = iphoneos;
				SWIFT_ACTIVE_COMPILATION_CONDITIONS = DEBUG;
				SWIFT_OPTIMIZATION_LEVEL = "-Onone";
			};
			name = Debug;
		};
		DAC0A1202389F94000C69898 /* Release */ = {
			isa = XCBuildConfiguration;
			buildSettings = {
				ALWAYS_SEARCH_USER_PATHS = NO;
				CLANG_ANALYZER_NONNULL = YES;
				CLANG_ANALYZER_NUMBER_OBJECT_CONVERSION = YES_AGGRESSIVE;
				CLANG_CXX_LANGUAGE_STANDARD = "gnu++14";
				CLANG_CXX_LIBRARY = "libc++";
				CLANG_ENABLE_MODULES = YES;
				CLANG_ENABLE_OBJC_ARC = YES;
				CLANG_ENABLE_OBJC_WEAK = YES;
				CLANG_WARN_BLOCK_CAPTURE_AUTORELEASING = YES;
				CLANG_WARN_BOOL_CONVERSION = YES;
				CLANG_WARN_COMMA = YES;
				CLANG_WARN_CONSTANT_CONVERSION = YES;
				CLANG_WARN_DEPRECATED_OBJC_IMPLEMENTATIONS = YES;
				CLANG_WARN_DIRECT_OBJC_ISA_USAGE = YES_ERROR;
				CLANG_WARN_DOCUMENTATION_COMMENTS = YES;
				CLANG_WARN_EMPTY_BODY = YES;
				CLANG_WARN_ENUM_CONVERSION = YES;
				CLANG_WARN_INFINITE_RECURSION = YES;
				CLANG_WARN_INT_CONVERSION = YES;
				CLANG_WARN_NON_LITERAL_NULL_CONVERSION = YES;
				CLANG_WARN_OBJC_IMPLICIT_RETAIN_SELF = YES;
				CLANG_WARN_OBJC_LITERAL_CONVERSION = YES;
				CLANG_WARN_OBJC_ROOT_CLASS = YES_ERROR;
				CLANG_WARN_RANGE_LOOP_ANALYSIS = YES;
				CLANG_WARN_STRICT_PROTOTYPES = YES;
				CLANG_WARN_SUSPICIOUS_MOVE = YES;
				CLANG_WARN_UNGUARDED_AVAILABILITY = YES_AGGRESSIVE;
				CLANG_WARN_UNREACHABLE_CODE = YES;
				CLANG_WARN__DUPLICATE_METHOD_MATCH = YES;
				COPY_PHASE_STRIP = NO;
				DEBUG_INFORMATION_FORMAT = "dwarf-with-dsym";
				ENABLE_NS_ASSERTIONS = NO;
				ENABLE_STRICT_OBJC_MSGSEND = YES;
				GCC_C_LANGUAGE_STANDARD = gnu11;
				GCC_NO_COMMON_BLOCKS = YES;
				GCC_WARN_64_TO_32_BIT_CONVERSION = YES;
				GCC_WARN_ABOUT_RETURN_TYPE = YES_ERROR;
				GCC_WARN_UNDECLARED_SELECTOR = YES;
				GCC_WARN_UNINITIALIZED_AUTOS = YES_AGGRESSIVE;
				GCC_WARN_UNUSED_FUNCTION = YES;
				GCC_WARN_UNUSED_VARIABLE = YES;
				IPHONEOS_DEPLOYMENT_TARGET = 13.2;
				MTL_ENABLE_DEBUG_INFO = NO;
				MTL_FAST_MATH = YES;
				SDKROOT = iphoneos;
				SWIFT_COMPILATION_MODE = wholemodule;
				SWIFT_OPTIMIZATION_LEVEL = "-O";
				VALIDATE_PRODUCT = YES;
			};
			name = Release;
		};
		DAC0A1222389F94000C69898 /* Debug */ = {
			isa = XCBuildConfiguration;
			buildSettings = {
				ASSETCATALOG_COMPILER_APPICON_NAME = AppIcon;
				CODE_SIGN_STYLE = Automatic;
				DEVELOPMENT_ASSET_PATHS = "\"CupcakeCorner/Preview Content\"";
				ENABLE_PREVIEWS = YES;
				INFOPLIST_FILE = CupcakeCorner/Info.plist;
				LD_RUNPATH_SEARCH_PATHS = (
					"$(inherited)",
					"@executable_path/Frameworks",
				);
				PRODUCT_BUNDLE_IDENTIFIER = kim.yihwan.CupcakeCorner;
				PRODUCT_NAME = "$(TARGET_NAME)";
				SWIFT_VERSION = 5.0;
				TARGETED_DEVICE_FAMILY = "1,2";
			};
			name = Debug;
		};
		DAC0A1232389F94000C69898 /* Release */ = {
			isa = XCBuildConfiguration;
			buildSettings = {
				ASSETCATALOG_COMPILER_APPICON_NAME = AppIcon;
				CODE_SIGN_STYLE = Automatic;
				DEVELOPMENT_ASSET_PATHS = "\"CupcakeCorner/Preview Content\"";
				ENABLE_PREVIEWS = YES;
				INFOPLIST_FILE = CupcakeCorner/Info.plist;
				LD_RUNPATH_SEARCH_PATHS = (
					"$(inherited)",
					"@executable_path/Frameworks",
				);
				PRODUCT_BUNDLE_IDENTIFIER = kim.yihwan.CupcakeCorner;
				PRODUCT_NAME = "$(TARGET_NAME)";
				SWIFT_VERSION = 5.0;
				TARGETED_DEVICE_FAMILY = "1,2";
			};
			name = Release;
		};
		DAC0A1252389F94000C69898 /* Debug */ = {
			isa = XCBuildConfiguration;
			buildSettings = {
				ALWAYS_EMBED_SWIFT_STANDARD_LIBRARIES = YES;
				BUNDLE_LOADER = "$(TEST_HOST)";
				CODE_SIGN_STYLE = Automatic;
				INFOPLIST_FILE = CupcakeCornerTests/Info.plist;
				IPHONEOS_DEPLOYMENT_TARGET = 13.2;
				LD_RUNPATH_SEARCH_PATHS = (
					"$(inherited)",
					"@executable_path/Frameworks",
					"@loader_path/Frameworks",
				);
				PRODUCT_BUNDLE_IDENTIFIER = kim.yihwan.CupcakeCornerTests;
				PRODUCT_NAME = "$(TARGET_NAME)";
				SWIFT_VERSION = 5.0;
				TARGETED_DEVICE_FAMILY = "1,2";
				TEST_HOST = "$(BUILT_PRODUCTS_DIR)/CupcakeCorner.app/CupcakeCorner";
			};
			name = Debug;
		};
		DAC0A1262389F94000C69898 /* Release */ = {
			isa = XCBuildConfiguration;
			buildSettings = {
				ALWAYS_EMBED_SWIFT_STANDARD_LIBRARIES = YES;
				BUNDLE_LOADER = "$(TEST_HOST)";
				CODE_SIGN_STYLE = Automatic;
				INFOPLIST_FILE = CupcakeCornerTests/Info.plist;
				IPHONEOS_DEPLOYMENT_TARGET = 13.2;
				LD_RUNPATH_SEARCH_PATHS = (
					"$(inherited)",
					"@executable_path/Frameworks",
					"@loader_path/Frameworks",
				);
				PRODUCT_BUNDLE_IDENTIFIER = kim.yihwan.CupcakeCornerTests;
				PRODUCT_NAME = "$(TARGET_NAME)";
				SWIFT_VERSION = 5.0;
				TARGETED_DEVICE_FAMILY = "1,2";
				TEST_HOST = "$(BUILT_PRODUCTS_DIR)/CupcakeCorner.app/CupcakeCorner";
			};
			name = Release;
		};
		DAC0A1282389F94000C69898 /* Debug */ = {
			isa = XCBuildConfiguration;
			buildSettings = {
				ALWAYS_EMBED_SWIFT_STANDARD_LIBRARIES = YES;
				CODE_SIGN_STYLE = Automatic;
				INFOPLIST_FILE = CupcakeCornerUITests/Info.plist;
				LD_RUNPATH_SEARCH_PATHS = (
					"$(inherited)",
					"@executable_path/Frameworks",
					"@loader_path/Frameworks",
				);
				PRODUCT_BUNDLE_IDENTIFIER = kim.yihwan.CupcakeCornerUITests;
				PRODUCT_NAME = "$(TARGET_NAME)";
				SWIFT_VERSION = 5.0;
				TARGETED_DEVICE_FAMILY = "1,2";
				TEST_TARGET_NAME = CupcakeCorner;
			};
			name = Debug;
		};
		DAC0A1292389F94000C69898 /* Release */ = {
			isa = XCBuildConfiguration;
			buildSettings = {
				ALWAYS_EMBED_SWIFT_STANDARD_LIBRARIES = YES;
				CODE_SIGN_STYLE = Automatic;
				INFOPLIST_FILE = CupcakeCornerUITests/Info.plist;
				LD_RUNPATH_SEARCH_PATHS = (
					"$(inherited)",
					"@executable_path/Frameworks",
					"@loader_path/Frameworks",
				);
				PRODUCT_BUNDLE_IDENTIFIER = kim.yihwan.CupcakeCornerUITests;
				PRODUCT_NAME = "$(TARGET_NAME)";
				SWIFT_VERSION = 5.0;
				TARGETED_DEVICE_FAMILY = "1,2";
				TEST_TARGET_NAME = CupcakeCorner;
			};
			name = Release;
		};
/* End XCBuildConfiguration section */

/* Begin XCConfigurationList section */
		DAC0A0F22389F94000C69898 /* Build configuration list for PBXProject "CupcakeCorner" */ = {
			isa = XCConfigurationList;
			buildConfigurations = (
				DAC0A11F2389F94000C69898 /* Debug */,
				DAC0A1202389F94000C69898 /* Release */,
			);
			defaultConfigurationIsVisible = 0;
			defaultConfigurationName = Release;
		};
		DAC0A1212389F94000C69898 /* Build configuration list for PBXNativeTarget "CupcakeCorner" */ = {
			isa = XCConfigurationList;
			buildConfigurations = (
				DAC0A1222389F94000C69898 /* Debug */,
				DAC0A1232389F94000C69898 /* Release */,
			);
			defaultConfigurationIsVisible = 0;
			defaultConfigurationName = Release;
		};
		DAC0A1242389F94000C69898 /* Build configuration list for PBXNativeTarget "CupcakeCornerTests" */ = {
			isa = XCConfigurationList;
			buildConfigurations = (
				DAC0A1252389F94000C69898 /* Debug */,
				DAC0A1262389F94000C69898 /* Release */,
			);
			defaultConfigurationIsVisible = 0;
			defaultConfigurationName = Release;
		};
		DAC0A1272389F94000C69898 /* Build configuration list for PBXNativeTarget "CupcakeCornerUITests" */ = {
			isa = XCConfigurationList;
			buildConfigurations = (
				DAC0A1282389F94000C69898 /* Debug */,
				DAC0A1292389F94000C69898 /* Release */,
			);
			defaultConfigurationIsVisible = 0;
			defaultConfigurationName = Release;
		};
/* End XCConfigurationList section */
	};
	rootObject = DAC0A0EF2389F94000C69898 /* Project object */;
}
